{"SurveyEntry":{"SurveyID":"SV_4Gjx2uIdWxtvzxj","SurveyName":"Uncanny Valley E3.R1.V1","SurveyDescription":null,"SurveyOwnerID":"URH_1MuSsKuNN3l85qA","SurveyBrandID":"stanforduniversity","DivisionID":null,"SurveyLanguage":"EN","SurveyActiveResponseSet":"RS_809Q5we2va3UoRL","SurveyStatus":"Inactive","SurveyStartDate":"0000-00-00 00:00:00","SurveyExpirationDate":"0000-00-00 00:00:00","SurveyCreationDate":"2015-04-19 11:15:46","CreatorID":"URH_1MuSsKuNN3l85qA","LastModified":"2015-05-17 16:31:09","LastAccessed":"0000-00-00 00:00:00","LastActivated":"2015-04-19 20:06:41","Deleted":null},"SurveyElements":[{"SurveyID":"SV_4Gjx2uIdWxtvzxj","Element":"BL","PrimaryAttribute":"Survey Blocks","SecondaryAttribute":null,"TertiaryAttribute":null,"Payload":{"1":{"Type":"Trash","Description":"Trash \/ Unused Questions","ID":"BL_8CwSg26YDVAiSpf","BlockElements":[{"Type":"Question","QuestionID":"QID43"},{"Type":"Question","QuestionID":"QID22"}]},"5":{"Type":"Standard","SubType":"","Description":"General Population Quota Questions","ID":"BL_7Pzi3YG0fVhe1cp","BlockElements":[{"Type":"Question","QuestionID":"QID14"}]},"6":{"Type":"Standard","SubType":"","Description":"Main block","ID":"BL_3kotifTEutDshDL","BlockElements":[{"Type":"Question","QuestionID":"QID21"},{"Type":"Question","QuestionID":"QID42"},{"Type":"Question","QuestionID":"QID24"},{"Type":"Question","QuestionID":"QID39"},{"Type":"Question","QuestionID":"QID11"}],"Options":{"BlockLocking":"false","RandomizeQuestions":"false","Looping":"Static","LoopingOptions":{"Static":{"1":{"1":"<img src=\"https:\/\/stanforduniversity.qualtrics.com\/CP\/Graphic.php?IM=IM_5uxDPe1nCWn79pH\" style=\"height: 100px;\" \/>","2":""},"2":{"1":"<img src=\"https:\/\/stanforduniversity.qualtrics.com\/CP\/Graphic.php?IM=IM_bd5G0JwPyS5RX6d\" style=\"height: 100px;\" \/>","2":""},"3":{"1":"<img src=\"https:\/\/stanforduniversity.qualtrics.com\/CP\/Graphic.php?IM=IM_beDH7H0K3SPr6kd\" style=\"height: 100px;\" \/>","2":""},"4":{"1":"<img src=\"https:\/\/stanforduniversity.qualtrics.com\/CP\/Graphic.php?IM=IM_emLOXAPgQVuvUfb\" style=\"width: 300px; height: 300px;\" \/>","2":""},"5":{"1":"<img src=\"https:\/\/stanforduniversity.qualtrics.com\/CP\/Graphic.php?IM=IM_b9gGrNofuXKZAxL\" style=\"width: 370px; height: 300px;\" \/>","2":""},"6":{"1":"<img src=\"https:\/\/stanforduniversity.qualtrics.com\/CP\/Graphic.php?IM=IM_ebQHacyLBzlL8cl\" style=\"width: 300px; height: 300px;\" \/>","2":""},"7":{"1":"<img src=\"https:\/\/stanforduniversity.qualtrics.com\/CP\/Graphic.php?IM=IM_d0S2XftMt9v0uEt\" style=\"width: 300px; height: 300px;\" \/>","2":""},"8":{"1":"<img src=\"https:\/\/stanforduniversity.qualtrics.com\/CP\/Graphic.php?IM=IM_0cfTKgIoq3zL1Pv\" style=\"width: 300px; height: 300px;\" \/><br \/>","2":""},"9":{"1":"<img src=\"https:\/\/stanforduniversity.qualtrics.com\/CP\/Graphic.php?IM=IM_56dYzKB7D1RqT7D\" style=\"width: 300px; height: 300px;\" \/> ","2":""},"10":{"1":"<img src=\"https:\/\/stanforduniversity.qualtrics.com\/CP\/Graphic.php?IM=IM_6W0NghNSS643dpH\" style=\"width: 300px; height: 300px;\" \/>","2":""},"11":{"1":" <img src=\"https:\/\/stanforduniversity.qualtrics.com\/CP\/Graphic.php?IM=IM_bxqWRR1d8HoG2Ff\" style=\"width: 300px; height: 300px;\" \/>","2":""},"12":{"1":" <img src=\"https:\/\/stanforduniversity.qualtrics.com\/CP\/Graphic.php?IM=IM_cVlIlNmquTHvd7n\" style=\"width: 300px; height: 300px;\" \/> ","2":""},"13":{"1":"<img src=\"https:\/\/stanforduniversity.qualtrics.com\/CP\/Graphic.php?IM=IM_0fkc3ibCAuiN8KV\" style=\"width: 300px; height: 300px;\" \/>","2":""},"14":{"1":"\n<img src=\"https:\/\/stanforduniversity.qualtrics.com\/CP\/Graphic.php?IM=IM_7NYrQTV8AAWovel\" style=\"width: 300px; height: 300px;\" \/>","2":""},"15":{"1":"<img src=\"https:\/\/stanforduniversity.qualtrics.com\/CP\/Graphic.php?IM=IM_bd2hLGURSaxVnkp\" style=\"width: 300px; height: 300px;\" \/>","2":""},"16":{"1":"<img src=\"https:\/\/stanforduniversity.qualtrics.com\/CP\/Graphic.php?IM=IM_08pztC5TUeraxYF\" style=\"width: 300px; height: 300px;\" \/> ","2":""},"17":{"1":"<img src=\"https:\/\/stanforduniversity.qualtrics.com\/CP\/Graphic.php?IM=IM_5i1tjVPNJCIt5id\" style=\"width: 300px; height: 300px;\" \/> ","2":""},"18":{"1":"<img src=\"https:\/\/stanforduniversity.qualtrics.com\/CP\/Graphic.php?IM=IM_a9jCMfxQpnfxzal\" style=\"width: 300px; height: 300px;\" \/> ","2":""},"19":{"1":"<img src=\"https:\/\/stanforduniversity.qualtrics.com\/CP\/Graphic.php?IM=IM_9Nat23O0Ef1hgyN\" style=\"width: 300px; height: 300px;\" \/> ","2":""},"20":{"1":"<img src=\"https:\/\/stanforduniversity.qualtrics.com\/CP\/Graphic.php?IM=IM_02mWB28lrjhWvYN\" style=\"width: 300px; height: 300px;\" \/>","2":""},"21":{"1":"<img src=\"https:\/\/stanforduniversity.qualtrics.com\/CP\/Graphic.php?IM=IM_885sovK3yVMGIJL\" style=\"width: 300px; height: 300px;\" \/>","2":""},"22":{"1":"<img src=\"https:\/\/stanforduniversity.qualtrics.com\/CP\/Graphic.php?IM=IM_8bL58dpVnJ3TYhL\" style=\"width: 300px; height: 300px;\" \/>","2":""},"23":{"1":" <img src=\"https:\/\/stanforduniversity.qualtrics.com\/CP\/Graphic.php?IM=IM_3q7C05ACxoi2sLP\" style=\"width: 400px; height: 300px;\" \/> ","2":""},"24":{"1":"<img src=\"https:\/\/stanforduniversity.qualtrics.com\/CP\/Graphic.php?IM=IM_7UMbqWfi9ipWaTr\" style=\"width: 300px; height: 300px;\" \/> ","2":""},"25":{"1":"<img src=\"https:\/\/stanforduniversity.qualtrics.com\/CP\/Graphic.php?IM=IM_6DQ2SeQLWDSOsAZ\" style=\"width: 300px; height: 300px;\" \/> ","2":""},"26":{"1":"<img src=\"https:\/\/stanforduniversity.qualtrics.com\/CP\/Graphic.php?IM=IM_dmU74ox97WB3rff\" style=\"width: 300px; height: 300px;\" \/> ","2":""},"27":{"1":"<img src=\"https:\/\/stanforduniversity.qualtrics.com\/CP\/Graphic.php?IM=IM_1BPtwVHYK1ScdrT\" style=\"width: 300px; height: 300px;\" \/>","2":""},"28":{"1":" <img src=\"https:\/\/stanforduniversity.qualtrics.com\/CP\/Graphic.php?IM=IM_a607N64KdrR9K73\" style=\"width: 300px; height: 300px;\" \/> ","2":""},"29":{"1":"<img src=\"https:\/\/stanforduniversity.qualtrics.com\/CP\/Graphic.php?IM=IM_bjuuZjqZYyCjvIF\" style=\"width: 349px; height: 300px;\" \/> ","2":""},"30":{"1":"<img src=\"https:\/\/stanforduniversity.qualtrics.com\/CP\/Graphic.php?IM=IM_bqkhkPqKIuUJKdv\" style=\"width: 231px; height: 231px;\" \/> ","2":""},"31":{"1":"<img src=\"https:\/\/stanforduniversity.qualtrics.com\/CP\/Graphic.php?IM=IM_6PYqPQFNziC2Mu1\" style=\"width: 343px; height: 300px;\" \/> ","2":""},"32":{"1":"<img src=\"https:\/\/stanforduniversity.qualtrics.com\/CP\/Graphic.php?IM=IM_0TE8aCOpSEQFFjv\" style=\"width: 300px; height: 300px;\" \/>","2":""},"33":{"1":" <img src=\"https:\/\/stanforduniversity.qualtrics.com\/CP\/Graphic.php?IM=IM_baAhY8KkId29mjH\" style=\"width: 300px; height: 300px;\" \/>","2":""},"34":{"1":" <img src=\"https:\/\/stanforduniversity.qualtrics.com\/CP\/Graphic.php?IM=IM_3Rj0yOS32sa0LLn\" style=\"width: 354px; height: 300px;\" \/>","2":""},"35":{"1":"<img src=\"https:\/\/stanforduniversity.qualtrics.com\/CP\/Graphic.php?IM=IM_37qGXEtiBjKIvD7\" style=\"width: 300px; height: 300px;\" \/>","2":""},"36":{"1":"<img src=\"https:\/\/stanforduniversity.qualtrics.com\/CP\/Graphic.php?IM=IM_416vHMqjj9n0MRL\" style=\"width: 300px; height: 300px;\" \/>","2":""},"37":{"1":" <img src=\"https:\/\/stanforduniversity.qualtrics.com\/CP\/Graphic.php?IM=IM_9HU57HK9FI4aNCJ\" style=\"width: 300px; height: 300px;\" \/> ","2":""},"38":{"1":"<img src=\"https:\/\/stanforduniversity.qualtrics.com\/CP\/Graphic.php?IM=IM_eG11llBHCADATUp\" style=\"width: 389px; height: 300px;\" \/>","2":""},"39":{"1":" <img src=\"https:\/\/stanforduniversity.qualtrics.com\/CP\/Graphic.php?IM=IM_cYLu7HwCGSnbfCd\" style=\"width: 354px; height: 300px;\" \/> ","2":""},"40":{"1":"<img src=\"https:\/\/stanforduniversity.qualtrics.com\/CP\/Graphic.php?IM=IM_41Jz6ODRzvYGxFj\" style=\"width: 300px; height: 300px;\" \/>","2":""},"41":{"1":" <img src=\"https:\/\/stanforduniversity.qualtrics.com\/CP\/Graphic.php?IM=IM_0uMTIwBXmcYjNg9\" style=\"width: 248px; height: 300px;\" \/>","2":""},"42":{"1":" <img src=\"https:\/\/stanforduniversity.qualtrics.com\/CP\/Graphic.php?IM=IM_3jWj1sCKCAjk0rX\" style=\"width: 377px; height: 300px;\" \/> ","2":""},"43":{"1":"<img src=\"https:\/\/stanforduniversity.qualtrics.com\/CP\/Graphic.php?IM=IM_cuXDjCc9GshzgLX\" style=\"width: 447px; height: 300px;\" \/>","2":""},"44":{"1":" <img src=\"https:\/\/stanforduniversity.qualtrics.com\/CP\/Graphic.php?IM=IM_9FbPZKX3t9koxvL\" style=\"width: 300px; height: 300px;\" \/>","2":""},"45":{"1":" <img src=\"https:\/\/stanforduniversity.qualtrics.com\/CP\/Graphic.php?IM=IM_dipjd6RhZGLGvMp\" style=\"width: 383px; height: 300px;\" \/>","2":""},"46":{"1":"<img src=\"https:\/\/stanforduniversity.qualtrics.com\/CP\/Graphic.php?IM=IM_e8No52mKkMNg1Mx\" style=\"width: 300px; height: 300px;\" \/> ","2":""},"47":{"1":"<img src=\"https:\/\/stanforduniversity.qualtrics.com\/CP\/Graphic.php?IM=IM_0fudk8pt24469vv\" style=\"width: 294px; height: 300px;\" \/>","2":""},"48":{"1":" <img src=\"https:\/\/stanforduniversity.qualtrics.com\/CP\/Graphic.php?IM=IM_4VghAYPWk9nEJ6t\" style=\"width: 454px; height: 300px;\" \/>","2":""},"49":{"1":" <img src=\"https:\/\/stanforduniversity.qualtrics.com\/CP\/Graphic.php?IM=IM_2nSNIzrQ1X6LTnv\" style=\"width: 300px; height: 300px;\" \/> ","2":""},"50":{"1":"<img src=\"https:\/\/stanforduniversity.qualtrics.com\/CP\/Graphic.php?IM=IM_6fXQt4UhRYQPnW5\" style=\"width: 332px; height: 300px;\" \/>","2":""},"51":{"1":" <img src=\"https:\/\/stanforduniversity.qualtrics.com\/CP\/Graphic.php?IM=IM_cHHVQBnHVljtTJH\" style=\"width: 351px; height: 300px;\" \/> ","2":""},"52":{"1":"<img src=\"https:\/\/stanforduniversity.qualtrics.com\/CP\/Graphic.php?IM=IM_9M6qm4IOR20Da5L\" style=\"width: 330px; height: 300px;\" \/>","2":""},"53":{"1":" <img src=\"https:\/\/stanforduniversity.qualtrics.com\/CP\/Graphic.php?IM=IM_eUUr6w8lMFfcbC5\" style=\"width: 312px; height: 300px;\" \/>","2":""},"54":{"1":" <img src=\"https:\/\/stanforduniversity.qualtrics.com\/CP\/Graphic.php?IM=IM_9n7IKsMh0YAnyWV\" style=\"width: 385px; height: 300px;\" \/>","2":""},"55":{"1":" <img src=\"https:\/\/stanforduniversity.qualtrics.com\/CP\/Graphic.php?IM=IM_e3hwU9D900zeRdr\" style=\"width: 378px; height: 300px;\" \/>","2":""},"56":{"1":" <img src=\"https:\/\/stanforduniversity.qualtrics.com\/CP\/Graphic.php?IM=IM_6DRlzdWaWAPLnGl\" style=\"width: 490px; height: 300px;\" \/> ","2":""},"57":{"1":"<img src=\"https:\/\/stanforduniversity.qualtrics.com\/CP\/Graphic.php?IM=IM_41U1GJfteZowWmV\" style=\"width: 300px; height: 300px;\" \/> ","2":""},"58":{"1":"<img src=\"https:\/\/stanforduniversity.qualtrics.com\/CP\/Graphic.php?IM=IM_2ira1ICzfioVwWh\" style=\"width: 314px; height: 300px;\" \/> ","2":""},"59":{"1":"<img src=\"https:\/\/stanforduniversity.qualtrics.com\/CP\/Graphic.php?IM=IM_6r3xVUfpraR5DeJ\" style=\"width: 300px; height: 300px;\" \/>","2":""},"60":{"1":" <img src=\"https:\/\/stanforduniversity.qualtrics.com\/CP\/Graphic.php?IM=IM_eb65YzyTFrrrZFX\" style=\"width: 312px; height: 300px;\" \/>","2":""},"61":{"1":" <img src=\"https:\/\/stanforduniversity.qualtrics.com\/CP\/Graphic.php?IM=IM_8tPEJqhc4F0rHaR\" style=\"width: 351px; height: 300px;\" \/>","2":""},"62":{"1":" <img src=\"https:\/\/stanforduniversity.qualtrics.com\/CP\/Graphic.php?IM=IM_0iZ2epzCsUaCm6p\" style=\"width: 336px; height: 300px;\" \/> ","2":""},"63":{"1":"<img src=\"https:\/\/stanforduniversity.qualtrics.com\/CP\/Graphic.php?IM=IM_9QNO3YR4fRQvHpP\" style=\"width: 300px; height: 300px;\" \/> ","2":""},"64":{"1":"<img src=\"https:\/\/stanforduniversity.qualtrics.com\/CP\/Graphic.php?IM=IM_cCFYSRIkUvMrrj7\" style=\"width: 300px; height: 300px;\" \/> ","2":""},"65":{"1":"<img src=\"https:\/\/stanforduniversity.qualtrics.com\/CP\/Graphic.php?IM=IM_a2V4oWjmQZMUuGh\" style=\"width: 300px; height: 300px;\" \/>","2":""},"66":{"1":" <img src=\"https:\/\/stanforduniversity.qualtrics.com\/CP\/Graphic.php?IM=IM_dnliIJF2cOjzkd7\" style=\"width: 300px; height: 300px;\" \/> ","2":""},"67":{"1":"<img src=\"https:\/\/stanforduniversity.qualtrics.com\/CP\/Graphic.php?IM=IM_0uBz1mlCepVD7iB\" style=\"width: 300px; height: 300px;\" \/>","2":""},"68":{"1":" <img src=\"https:\/\/stanforduniversity.qualtrics.com\/CP\/Graphic.php?IM=IM_8iVWlS7CjIRJfox\" style=\"width: 300px; height: 297px;\" \/>","2":""},"69":{"1":" <img src=\"https:\/\/stanforduniversity.qualtrics.com\/CP\/Graphic.php?IM=IM_5oGADOsYNF6GWWN\" style=\"width: 300px; height: 300px;\" \/>","2":""},"70":{"1":" <img src=\"https:\/\/stanforduniversity.qualtrics.com\/CP\/Graphic.php?IM=IM_a3jLcHCiJuWFzF3\" style=\"width: 300px; height: 300px;\" \/>","2":""},"71":{"1":" <img src=\"https:\/\/stanforduniversity.qualtrics.com\/CP\/Graphic.php?IM=IM_6g3YWIMLZo0F2sd\" style=\"width: 300px; height: 300px;\" \/>","2":""},"72":{"1":" <img src=\"https:\/\/stanforduniversity.qualtrics.com\/CP\/Graphic.php?IM=IM_1BtktPFOXW6GRRr\" style=\"width: 300px; height: 300px;\" \/>","2":""},"73":{"1":" <img src=\"https:\/\/stanforduniversity.qualtrics.com\/CP\/Graphic.php?IM=IM_b8wAfucpdupRDMN\" style=\"width: 300px; height: 300px;\" \/>","2":""},"74":{"1":" <img src=\"https:\/\/stanforduniversity.qualtrics.com\/CP\/Graphic.php?IM=IM_86LWiRgr9ncqjOt\" style=\"width: 300px; height: 300px;\" \/>","2":""},"75":{"1":" <img src=\"https:\/\/stanforduniversity.qualtrics.com\/CP\/Graphic.php?IM=IM_3f0IGhD8VGHeAzb\" style=\"width: 300px; height: 300px;\" \/>","2":""},"76":{"1":" <img src=\"https:\/\/stanforduniversity.qualtrics.com\/CP\/Graphic.php?IM=IM_9uXXz3SsDLMDyxD\" style=\"width: 300px; height: 300px;\" \/>","2":""},"77":{"1":" <img src=\"https:\/\/stanforduniversity.qualtrics.com\/CP\/Graphic.php?IM=IM_0igdrPVq8NgnaVT\" style=\"width: 300px; height: 300px;\" \/> ","2":""},"78":{"1":"<img src=\"https:\/\/stanforduniversity.qualtrics.com\/CP\/Graphic.php?IM=IM_39tWVqDhdqPnTet\" style=\"width: 300px; height: 300px;\" \/> ","2":""},"79":{"1":"<img src=\"https:\/\/stanforduniversity.qualtrics.com\/CP\/Graphic.php?IM=IM_0kWrWWEAXOREXAx\" style=\"width: 216px; height: 216px;\" \/>","2":""},"80":{"1":"<img src=\"https:\/\/stanforduniversity.qualtrics.com\/CP\/Graphic.php?IM=IM_3a4lrOLN578Kxwx\" style=\"width: 237px; height: 237px;\" \/>","2":""},"81":{"1":"<img src=\"https:\/\/stanforduniversity.qualtrics.com\/CP\/Graphic.php?IM=IM_cwmUSbfgwXQzUDX\" style=\"width: 237px; height: 237px;\" \/>","2":""}},"Randomization":"All"}}},"7":{"Type":"Standard","SubType":"","Description":"Consent","ID":"BL_6foshVQDHAogGc5","BlockElements":[{"Type":"Question","QuestionID":"QID26"},{"Type":"Page Break"},{"Type":"Question","QuestionID":"QID27"},{"Type":"Page Break"},{"Type":"Question","QuestionID":"QID38"},{"Type":"Page Break"}]},"12":{"Type":"Standard","SubType":"","Description":"Problems","ID":"BL_9uGzACUns2sp4gJ","BlockElements":[{"Type":"Question","QuestionID":"QID33"}]},"13":{"Type":"Standard","SubType":"","Description":"End demographics","ID":"BL_eXoaRowf3NMD19X","BlockElements":[{"Type":"Question","QuestionID":"QID44"},{"Type":"Question","QuestionID":"QID34"},{"Type":"Question","QuestionID":"QID35"},{"Type":"Question","QuestionID":"QID36"}]}}},{"SurveyID":"SV_4Gjx2uIdWxtvzxj","Element":"BR","PrimaryAttribute":"FL_57","SecondaryAttribute":null,"TertiaryAttribute":null,"Payload":{"FL_58":89,"FL_55":89}},{"SurveyID":"SV_4Gjx2uIdWxtvzxj","Element":"FL","PrimaryAttribute":"Survey Flow","SecondaryAttribute":null,"TertiaryAttribute":null,"Payload":{"Type":"Root","FlowID":"FL_1","Flow":[{"Type":"WebService","FlowID":"FL_3","URL":"http:\/\/reporting.qualtrics.com\/projects\/randomNumGen.php","RequestParams":[{"key":"min","value":"10000000"},{"key":"max","value":"99999999"}],"ResponseMap":[{"key":"random","value":"survey_code"}],"FireAndForget":false},{"Type":"Standard","ID":"BL_6foshVQDHAogGc5","FlowID":"FL_38"},{"Type":"BlockRandomizer","FlowID":"FL_57","SubSet":1,"EvenPresentation":true,"Flow":[{"Type":"EmbeddedData","FlowID":"FL_55","EmbeddedData":[{"Description":"rating.variable","Type":"Custom","Field":"rating.variable","VariableType":"Nominal","Value":"human-like"}]},{"Type":"EmbeddedData","FlowID":"FL_58","EmbeddedData":[{"Description":"rating.variable","Type":"Custom","Field":"rating.variable","VariableType":"Nominal","Value":"mechanical"}]}]},{"Type":"Standard","ID":"BL_3kotifTEutDshDL","FlowID":"FL_37"},{"Type":"Standard","ID":"BL_9uGzACUns2sp4gJ","FlowID":"FL_47"},{"Type":"Branch","FlowID":"FL_51","Description":"New Branch","BranchLogic":{"0":{"0":{"LogicType":"Question","QuestionID":"QID42","QuestionIsInLoop":"yes","LoopAndMergeLoops":"BL_3kotifTEutDshDL,1","LoopTarget":"none","ChoiceLocator":"q:\/\/QID42\/ChoiceNumericEntryValue\/1","Operator":"NotEqualTo","QuestionIDFromLocator":"QID42","LeftOperand":"q:\/\/1_QID42\/ChoiceNumericEntryValue\/1","RightOperand":"41","Type":"Expression","Description":"<span class=\"ConjDesc\">If<\/span> <span class=\"QuestionDesc\">&nbsp;How human-like does this robot face look? (Loop 1: &lt;img src=\"ht...)<\/span> <span class=\"LeftOpDesc\">&amp;nbsp;<\/span> Is <span class=\"OpDesc\">Not Equal to<\/span> <span class=\"RightOpDesc\"> 41 <\/span>"},"Type":"If"},"Type":"BooleanExpression"},"Flow":[{"Type":"EmbeddedData","FlowID":"FL_52","EmbeddedData":[{"Description":"excluded","Type":"Custom","Field":"excluded","VariableType":"Nominal","Value":"attention.check.fail"}]},{"Type":"EndSurvey","FlowID":"FL_53","EndingType":"Advanced","Options":{"Advanced":"true","SurveyTermination":"DisplayMessage","EOSMessageLibrary":"URH_1MuSsKuNN3l85qA","EOSMessage":"MS_dbwjMdBbfXovnr7","CountQuotas":"No"}}]},{"Type":"Standard","ID":"BL_eXoaRowf3NMD19X","FlowID":"FL_48"}],"Properties":{"Count":58}}},{"SurveyID":"SV_4Gjx2uIdWxtvzxj","Element":"SO","PrimaryAttribute":"Survey Options","SecondaryAttribute":null,"TertiaryAttribute":null,"Payload":{"BackButton":"false","SaveAndContinue":"true","SurveyProtection":"PublicSurvey","BallotBoxStuffingPrevention":"true","NoIndex":"Yes","SurveyExpiration":null,"SurveyTermination":"DisplayMessage","Header":"","Footer":"","ProgressBarDisplay":"None","PartialData":"+1 day","ValidationMessage":null,"PreviousButton":"  <<  ","NextButton":"  >>  ","SkinLibrary":"Qualtrics","SkinType":"MQ","Skin":"v4qualtrics1","NewScoring":1,"PreferJFE":false,"libraryId":"","nextButtonMid":"","previousButtonMid":"","headerMid":"","footerMid":"","QuestionsPerPage":"","ExternalCSS":null,"CustomStyles":{"errorStyles":{"selector":".Skin .ValidationError","styles":{"color":null,"backgroundColor":null,"borderColor":null}},"errorStylesBG":{"selector":".Skin .HeaderValidationError, .Skin .HeaderValidationError li a","styles":{"color":null,"backgroundColor":null}},"pageStyles":{"selector":"#SurveyEngineBody","styles":{"backgroundColor":null}},"textStyles":{"selector":".SkinInner","styles":{"fontFamily":null,"fontSize":null,"fontWeight":null,"fontStyle":null,"textDecoration":null,"color":null}},"questionStyles":{"selector":".Skin .QuestionText","styles":{"fontFamily":null,"fontSize":null,"fontWeight":null,"fontStyle":null,"textDecoration":null,"color":null}},"choiceStyles":{"selector":".Skin .horizontalbar th.ylabel, .Skin .Matrix table td, .Skin .Matrix table th, .Skin .Matrix table thead th, .Skin .Matrix table thead td, .Skin .PGR .DragAndDrop .Items label, .Skin .QuestionBody ul.ChoiceStructure, .Skin .PGR .DragAndDrop .Group ul, .Skin .PGR .DragAndDrop .Group h2, .Skin .PGR .DragAndDrop .Items ul, .Skin .PGR .DragAndDrop .Items h2, .Skin .DD .QuestionBody table.ChoiceStructure, .Skin .PGR .DragAndDrop .NoColumns td.groupsContainerTd div ul, .Skin .PGR .DragAndDrop .NoColumns td.groupsContainerTd div h2, .Skin .SBS thead th, .Skin .SBS td, .Skin .SBS .Answers td, .Skin .SBS .Answers th, .SBS table.ChoiceStructure, .Skin .horizontalbar thead table.LabelDescriptions tr td, .Skin .horizontalbar thead tr td.NotApplicable, .QuestionBody th, .Skin .QuestionBody .MC .MAVR label, .Skin .QuestionBody .MC .SAVR label, .Skin .SBS thead th, .Skin .SBS td, .Skin .RO .DND ul li, .Skin .reg, .SkinInner .ChoiceStructure, .Skin thead, .Skin .GAP .ChoiceStructure thead th, .Skin .GAP .ChoiceStructure .c4, .Skin .GAP .ChoiceStructure th, .Skin .GAP .ChoiceStructure .WhyText, .SkinInner .ChoiceStructure .LightBG, .Skin .QuestionOuter.Highlight .Inner .reg, .Skin .QuestionOuter.Highlight .Inner .alt, .Skin .QuestionOuter.Highlight .Inner .ReadableAlt       ","styles":{"fontFamily":null,"fontSize":null,"fontWeight":null,"fontStyle":null,"textDecoration":null,"color":null}},"headerStyles":{"selector":".Skin div#Header","styles":{"color":null}},"footerStyles":{"selector":".Skin #Footer","styles":{"color":null}},"questionSeparatorStyles":{"selector":".Skin .Separator","styles":{"backgroundColor":null,"display":"block"}},"highlightStyles":{"selector":".Skin .QuestionOuter.Highlight .Inner, .Skin .QuestionOuter.Highlight .Inner .reg, .Skin .QuestionOuter.Highlight .Inner .alt, .Skin .QuestionOuter.Highlight .Inner .ReadableAlt","styles":{"backgroundColor":null}},"highlightStylesAlt":{"selector":".Skin .QuestionOuter.Highlight .Inner .ReadableAlt, .Skin .QuestionOuter.Highlight .Inner .LightBG","styles":{"backgroundColor":null}},"textEntryStyles":{"selector":".Skin select, .Skin .InputText","styles":{"color":null}},"borderStyles":{"selector":".Skin .CS .horizontalbar table.sliderGrid tr.xlabel th, .Skin .CS .horizontalbar .ylabel, .Skin .CS .horizontalbar table.sliderGrid tr td.value, .Skin .Slider .horizontalbar table.sliderGrid tr.xlabel th, .Skin .BorderColor, .Skin .DarkBorderColor, .Skin .Slider .horizontalbar table.sliderGrid tr td.value, .Skin thead, .Skin .GAP .ChoiceStructure thead th  ","styles":{"borderColor":null}},"altRowStyles":{"selector":".Skin .ReadableAlt, .Skin .LightBG","styles":{"backgroundColor":null}},"customCSS":null},"HighlightQuestions":"off","EOSMessage":"MS_20rST0SY2qBSDnT","ShowExportTags":"false","CollectGeoLocation":"false","SurveyTitle":"Online Survey Software | Qualtrics Survey Solutions","SurveyMetaDescription":"Qualtrics sophisticated online survey software solutions make creating online surveys easy. Learn more about Research Suite and get a free account today.","PasswordProtection":"No","AnonymizeResponse":"No","Password":"","RefererCheck":"No","RefererURL":"http:\/\/","EOSMessageLibrary":"GR_6G4LaoiroGxHH12","EOSRedirectURL":"http:\/\/","EmailThankYou":"false","ThankYouEmailMessageLibrary":null,"ThankYouEmailMessage":null,"ValidateMessage":"false","ValidationMessageLibrary":null,"InactiveSurvey":"DefaultMessage","InactiveMessageLibrary":"","InactiveMessage":"","AvailableLanguages":{"EN":[]},"ProtectSelectionIds":true,"PageTransition":"Slide"}},{"SurveyID":"SV_4Gjx2uIdWxtvzxj","Element":"SCO","PrimaryAttribute":"Scoring","SecondaryAttribute":null,"TertiaryAttribute":null,"Payload":{"ScoringCategories":[],"ScoringCategoryGroups":[],"ScoringSummaryCategory":null,"ScoringSummaryAfterQuestions":0,"ScoringSummaryAfterSurvey":0,"DefaultScoringCategory":null,"AutoScoringCategory":null}},{"SurveyID":"SV_4Gjx2uIdWxtvzxj","Element":"STAT","PrimaryAttribute":"Survey Statistics","SecondaryAttribute":null,"TertiaryAttribute":null,"Payload":{"MobileCompatible":true,"ID":"Survey Statistics"}},{"SurveyID":"SV_4Gjx2uIdWxtvzxj","Element":"SQ","PrimaryAttribute":"QID21","SecondaryAttribute":"${lm:\/\/Field\/1}","TertiaryAttribute":null,"Payload":{"QuestionText":"${lm:\/\/Field\/1}","DefaultChoices":false,"DataExportTag":"Q14","QuestionType":"DB","Selector":"TB","Configuration":{"QuestionDescriptionOption":"UseText"},"QuestionDescription":"${lm:\/\/Field\/1}","ChoiceOrder":[],"Validation":{"Settings":{"Type":"None"}},"GradingData":[],"Language":[],"QuestionID":"QID21"}},{"SurveyID":"SV_4Gjx2uIdWxtvzxj","Element":"QC","PrimaryAttribute":"Survey Question Count","SecondaryAttribute":"44","TertiaryAttribute":null,"Payload":null},{"SurveyID":"SV_4Gjx2uIdWxtvzxj","Element":"SQ","PrimaryAttribute":"QID34","SecondaryAttribute":"Age (years):","TertiaryAttribute":null,"Payload":{"QuestionText":"Age (years):","DefaultChoices":false,"DataExportTag":"Q15","QuestionType":"TE","Selector":"SL","Configuration":{"QuestionDescriptionOption":"UseText"},"QuestionDescription":"Age (years):","Validation":{"Settings":{"ForceResponse":"OFF","ForceResponseType":"ON","Type":"ContentType","ContentType":"ValidNumber","ValidDateType":"DateWithFormat","ValidPhoneType":"ValidUSPhone","ValidZipType":"ValidUSZip","ValidNumber":{"Min":"18","Max":"100"}}},"GradingData":[],"Language":[],"QuestionID":"QID34"}},{"SurveyID":"SV_4Gjx2uIdWxtvzxj","Element":"SQ","PrimaryAttribute":"QID42","SecondaryAttribute":"\u00a0How ${e:\/\/Field\/rating.variable} does this robot face look?","TertiaryAttribute":null,"Payload":{"QuestionText":"<strong>&nbsp;<\/strong><strong>How ${e:\/\/Field\/rating.variable} <\/strong>does this robot face look?","DefaultChoices":false,"DataExportTag":"Q24","QuestionType":"Slider","Selector":"HSLIDER","Configuration":{"QuestionDescriptionOption":"UseText","CSSliderMin":0,"CSSliderMax":100,"GridLines":10,"SnapToGrid":false,"NumDecimals":"0","ShowValue":true,"CustomStart":true,"NotApplicable":false,"MobileFirst":true,"SliderStartPositions":{"1":0.5}},"QuestionDescription":"\u00a0How ${e:\/\/Field\/rating.variable} does this robot face look?","Choices":{"1":{"Display":"&nbsp;"}},"ChoiceOrder":["1"],"Validation":{"Settings":{"ForceResponse":"OFF","ForceResponseType":"ON","Type":"None"}},"GradingData":[],"Language":[],"Labels":{"1":{"Display":"Not at all ${e:\/\/Field\/rating.variable}"},"2":{"Display":"Extremely ${e:\/\/Field\/rating.variable}"}},"QuestionID":"QID42"}},{"SurveyID":"SV_4Gjx2uIdWxtvzxj","Element":"SQ","PrimaryAttribute":"QID22","SecondaryAttribute":"\u00a0How mechanical does this robot face look?","TertiaryAttribute":null,"Payload":{"QuestionText":"<strong>&nbsp;<\/strong><strong>How mechanical<\/strong> does this robot face look?","DefaultChoices":false,"DataExportTag":"Q16","QuestionType":"Slider","Selector":"HSLIDER","Configuration":{"QuestionDescriptionOption":"UseText","CSSliderMin":0,"CSSliderMax":100,"GridLines":10,"SnapToGrid":false,"NumDecimals":"0","ShowValue":true,"CustomStart":true,"SliderStartPositions":{"1":0.49742268041237},"NotApplicable":false,"MobileFirst":true},"QuestionDescription":"\u00a0How mechanical does this robot face look?","Choices":{"1":{"Display":"&nbsp;"}},"ChoiceOrder":[1],"Validation":{"Settings":{"ForceResponse":"OFF","ForceResponseType":"ON","Type":"None"}},"GradingData":[],"Language":[],"Labels":{"1":{"Display":"Not at all mechanical"},"2":{"Display":"Extremely mechanical"}},"QuestionID":"QID22"}},{"SurveyID":"SV_4Gjx2uIdWxtvzxj","Element":"SQ","PrimaryAttribute":"QID38","SecondaryAttribute":"Beginning on the next page, you will view and judge the robot\n faces one at a time. Please take a...","TertiaryAttribute":null,"Payload":{"QuestionText":"<p>Beginning on the next page, you will view and judge the robot faces one at a time. Please take at least a few seconds to <strong>carefully view<\/strong> each face before responding.<\/p><p><br><\/p>\n\n<p>Please note that <strong>rushed or careless responses will not receive pay. <\/strong>For example, you may see faces containing an obvious attention-check question.<\/p>\n\n<p>&nbsp;<\/p>\n\n<p>&nbsp;<\/p>","DefaultChoices":false,"DataExportTag":"Q19","QuestionType":"DB","Selector":"TB","Configuration":{"QuestionDescriptionOption":"UseText"},"QuestionDescription":"Beginning on the next page, you will view and judge the robot\n faces one at a time. Please take a...","ChoiceOrder":[],"Validation":{"Settings":{"Type":"None"}},"GradingData":[],"Language":[],"QuestionID":"QID38"}},{"SurveyID":"SV_4Gjx2uIdWxtvzxj","Element":"SQ","PrimaryAttribute":"QID43","SecondaryAttribute":"Click to write the question text","TertiaryAttribute":null,"Payload":{"QuestionText":"Click to write the question text","DataExportTag":"Q15","QuestionType":"MC","Selector":"SAVR","SubSelector":"TX","Configuration":{"QuestionDescriptionOption":"UseText"},"QuestionDescription":"Click to write the question text","Choices":{"1":{"Display":"Click to write Choice 1"},"2":{"Display":"Click to write Choice 2"},"3":{"Display":"Click to write Choice 3"}},"ChoiceOrder":["1","2","3"],"Validation":{"Settings":{"ForceResponse":"OFF","ForceResponseType":"ON","Type":"None"}},"Language":[],"QuestionID":"QID43"}},{"SurveyID":"SV_4Gjx2uIdWxtvzxj","Element":"RS","PrimaryAttribute":"RS_809Q5we2va3UoRL","SecondaryAttribute":"Default Response Set","TertiaryAttribute":null,"Payload":null},{"SurveyID":"SV_4Gjx2uIdWxtvzxj","Element":"QG","PrimaryAttribute":"QG_RzMEkanRVtvVHb9","SecondaryAttribute":"Demographics","TertiaryAttribute":null,"Payload":{"ID":"QG_RzMEkanRVtvVHb9","Name":"Demographics","Selected":true,"MultipleMatch":"PlaceInAll","Public":false,"Quotas":[]}},{"SurveyID":"SV_4Gjx2uIdWxtvzxj","Element":"SQ","PrimaryAttribute":"QID33","SecondaryAttribute":"Did you experience any confusions or technical problems with this questionnaire? (Your answer wil...","TertiaryAttribute":null,"Payload":{"QuestionText":"Did you experience any <strong>confusions or technical problems<\/strong> with this questionnaire? (Your answer will not affect your HIT acceptance.)","DefaultChoices":false,"DataExportTag":"Q18","QuestionType":"TE","Selector":"ML","Configuration":{"QuestionDescriptionOption":"UseText"},"QuestionDescription":"Did you experience any confusions or technical problems with this questionnaire? (Your answer wil...","Validation":{"Settings":{"ForceResponse":"OFF","ForceResponseType":"ON","Type":"None"}},"GradingData":[],"Language":[],"QuestionID":"QID33"}},{"SurveyID":"SV_4Gjx2uIdWxtvzxj","Element":"SQ","PrimaryAttribute":"QID39","SecondaryAttribute":"Do you think you have seen this exact robot before doing this survey?","TertiaryAttribute":null,"Payload":{"QuestionText":"Do you think you have seen this exact robot <strong>before<\/strong> doing this survey?","DataExportTag":"Q20","QuestionType":"MC","Selector":"SAVR","SubSelector":"TX","Configuration":{"QuestionDescriptionOption":"UseText"},"QuestionDescription":"Do you think you have seen this exact robot before doing this survey?","Choices":{"1":{"Display":"Yes"},"2":{"Display":"No"}},"ChoiceOrder":["1","2"],"Validation":{"Settings":{"ForceResponse":"ON","ForceResponseType":"ON","Type":"None"}},"Language":[],"QuestionID":"QID39"}},{"SurveyID":"SV_4Gjx2uIdWxtvzxj","Element":"SQ","PrimaryAttribute":"QID36","SecondaryAttribute":"Ethnicity (check all that apply):","TertiaryAttribute":null,"Payload":{"QuestionText":"Ethnicity (check all that apply):","DefaultChoices":false,"DataExportTag":"Q17","QuestionType":"MC","Selector":"MAVR","SubSelector":"TX","Configuration":{"QuestionDescriptionOption":"UseText"},"QuestionDescription":"Ethnicity (check all that apply):","Choices":{"1":{"Display":"Caucasian"},"2":{"Display":"Black\/African American"},"3":{"Display":"Middle Eastern"},"4":{"Display":"Pacific Islander"},"5":{"Display":"South Asian"},"6":{"Display":"East Asian"},"7":{"Display":"Southeast Asian"},"8":{"Display":"Native American"},"9":{"Display":"Hispanic"}},"ChoiceOrder":["1","9","2","3","4","8","5","6","7"],"Validation":{"Settings":{"ForceResponse":"ON","ForceResponseType":"ON","Type":"None"}},"GradingData":[],"Language":[],"QuestionID":"QID36"}},{"SurveyID":"SV_4Gjx2uIdWxtvzxj","Element":"SQ","PrimaryAttribute":"QID35","SecondaryAttribute":"Highest educational level:","TertiaryAttribute":null,"Payload":{"QuestionText":"Highest educational level:","DataExportTag":"Q17","QuestionType":"MC","Selector":"SAVR","SubSelector":"TX","Configuration":{"QuestionDescriptionOption":"UseText"},"QuestionDescription":"Highest educational level:","Choices":{"1":{"Display":"Did not graduate high school"},"2":{"Display":"Graduated high school"},"3":{"Display":"Graduated 2-year college"},"4":{"Display":"Graduated 4-year college"},"5":{"Display":"Post-graduate degree (e.g., MS, MD, MBA, PhD, etc.)"}},"ChoiceOrder":["1","2","3","4","5"],"Validation":{"Settings":{"ForceResponse":"ON","ForceResponseType":"ON","Type":"None"}},"Language":[],"QuestionID":"QID35"}},{"SurveyID":"SV_4Gjx2uIdWxtvzxj","Element":"SQ","PrimaryAttribute":"QID24","SecondaryAttribute":"How much positive or negative emotion is this robot face showing?","TertiaryAttribute":null,"Payload":{"QuestionText":"How much <strong>positive or negative emotion<\/strong> is this robot face showing?","DefaultChoices":false,"DataExportTag":"Q20","QuestionType":"Slider","Selector":"HSLIDER","Configuration":{"QuestionDescriptionOption":"UseText","CSSliderMin":-100,"CSSliderMax":100,"GridLines":10,"SnapToGrid":false,"NumDecimals":"0","ShowValue":true,"CustomStart":true,"SliderStartPositions":{"1":0.5},"NotApplicable":false,"MobileFirst":true},"QuestionDescription":"How much positive or negative emotion is this robot face showing?","Choices":{"1":{"Display":"&nbsp;"}},"ChoiceOrder":[1],"Validation":{"Settings":{"ForceResponse":"OFF","ForceResponseType":"ON","Type":"None"}},"GradingData":[],"Language":[],"Labels":{"1":{"Display":"Strongest unpleasant emotion"},"2":{"Display":"Neutral (no emotion)"},"3":{"Display":"Strongest pleasant emotion"}},"QuestionID":"QID24"}},{"SurveyID":"SV_4Gjx2uIdWxtvzxj","Element":"SQ","PrimaryAttribute":"QID27","SecondaryAttribute":"In this study, you will see a series of photos of robot faces and\nanswer a few questions about ea...","TertiaryAttribute":null,"Payload":{"QuestionText":"In this study, you will see a series of photos of robot faces and answer a few questions about each.<br><br><p>Before judging the robot faces, please <strong>briefly look through these thumbnails<\/strong> showing all the faces you will judge. This is to give you a sense of the range of robots you will see.<\/p><p><br><\/p>\n\n<p><img src=\"https:\/\/stanforduniversity.qualtrics.com\/CP\/Graphic.php?IM=IM_6lHVQziaZDUiNlH\" style=\"width: 700px; height: 861px;\"><br>\n<br>\n&nbsp;<\/p>\n\n<p>&nbsp;<\/p>","DefaultChoices":false,"DataExportTag":"Q19","QuestionType":"DB","Selector":"TB","Configuration":{"QuestionDescriptionOption":"UseText"},"QuestionDescription":"In this study, you will see a series of photos of robot faces and\nanswer a few questions about ea...","ChoiceOrder":[],"Validation":{"Settings":{"Type":"None"}},"GradingData":[],"Language":[],"QuestionID":"QID27"}},{"SurveyID":"SV_4Gjx2uIdWxtvzxj","Element":"SQ","PrimaryAttribute":"QID26","SecondaryAttribute":"Informed Consent for\n Participation in This Research\n\n \u00a0\n\n DESCRIPTION: \u00a0You are invited to parti.","TertiaryAttribute":null,"Payload":{"QuestionText":"<p><strong><span style=\"font-size:11.0pt\">Informed Consent for Participation in This Research<\/span><\/strong><\/p>\n\n<p>&nbsp;<\/p>\n\n<p><strong><span style=\"font-size:11.0pt\">DESCRIPTION:<\/span><\/strong><span style=\"font-size:11.0pt\"> <span style=\"mso-spacerun:yes\">&nbsp;<\/span>You are invited to participate in <span style=\"mso-bidi-font-weight:bold\">a research study<\/span> on <span style=\"mso-bidi-font-weight:bold\">socially interactive robots. <\/span>You will be asked to judge various robot faces.<\/span><\/p>\n\n<p><em><span style=\"font-size:11.0pt;color:red\">&nbsp;<\/span><\/em><\/p>\n\n<p><strong><span style=\"font-size:11.0pt\">TIME INVOLVEMENT:<\/span><\/strong><span style=\"font-size:11.0pt\"> <span style=\"mso-spacerun:yes\">&nbsp;<\/span>Your participation will take approximately 30-40 minutes.<\/span><\/p>\n\n<p><span style=\"font-size:11.0pt\">&nbsp;<\/span><\/p>\n\n<p><strong><span style=\"font-size:11.0pt\">RISKS AND BENEFITS:<\/span><\/strong><span style=\"font-size:11.0pt\"> <span style=\"mso-spacerun:yes\">&nbsp;<\/span>There are no appreciable risks or benefits involved with your participation in this study.<\/span><\/p>\n\n<p><em><span style=\"font-size:11.0pt;color:red\">&nbsp;<\/span><\/em><\/p>\n\n<p><strong><span style=\"font-size:11.0pt\">PAYMENTS:<\/span><\/strong><span style=\"font-size:11.0pt\"> <span style=\"mso-spacerun:yes\">&nbsp;<\/span>You will receive $2.88 as payment for your participation. <\/span><\/p>\n\n<p><span style=\"font-size:11.0pt\">&nbsp;<\/span><\/p>\n\n<p><strong><span style=\"font-size:11.0pt\">SUBJECT'S RIGHTS: <span style=\"mso-spacerun:yes\">&nbsp;<\/span><\/span><\/strong><span style=\"font-size:11.0pt\">If you have read this form and have decided to participate in this project, please understand your participation is voluntary and you have the right to withdraw your consent or discontinue participation at any time without penalty or loss of benefits to which you are otherwise entitled. <span style=\"mso-spacerun:yes\">&nbsp;<\/span>The alternative is not to participate.<span style=\"mso-spacerun:yes\">&nbsp; <\/span>You have the right to refuse to answer particular questions. <span style=\"mso-spacerun:yes\">&nbsp;<\/span>Your individual privacy will be maintained in all published and written data resulting from the study. <\/span><\/p>\n\n<p><span style=\"font-size:11.0pt\">&nbsp;<\/span><\/p>\n\n<p><strong><span style=\"font-size:11.0pt\">CONTACT INFORMATION: <\/span><\/strong><\/p>\n\n<p><em><span style=\"font-size:11.0pt\">Questions:<\/span><\/em><strong><span style=\"font-size:11.0pt\"><span style=\"mso-spacerun:yes\">&nbsp; <\/span><\/span><\/strong><span style=\"font-size:11.0pt\">If you have any questions, concerns or complaints about this research, its procedures, risks and benefits, contact the Protocol Director at mechturk.task@gmail.com.<\/span><\/p>\n\n<p><span style=\"font-size:11.0pt\">&nbsp;<\/span><\/p>\n\n<p><em><span style=\"font-size:11.0pt\">Independent Contact:<\/span><\/em><strong><span style=\"font-size:11.0pt\"> <\/span><\/strong><span style=\"font-size:11.0pt\"><span style=\"mso-spacerun:yes\">&nbsp;<\/span>If you are not satisfied with how this study is being conducted, or if you have any concerns, complaints, or general questions about the research or your rights as a participant, please contact the Stanford Institutional Review Board (IRB) to speak to someone independent of the research team at (650) 723-5244. You can also write to the Stanford IRB, Stanford University, 3000 El Camino Real, Five Palo Alto Square, 4th Floor, Palo Alto, CA 94306.<\/span><\/p>\n\n<p><span style=\"font-size:11.0pt\">&nbsp;<\/span><\/p>\n\n<p><span style=\"font-size:11.0pt\">If you choose, please print a copy of this page for your records.<\/span><\/p>\n\n<p><span style=\"font-size:11.0pt\">If you agree to participate in this research, please proceed to the survey via the following link.<\/span><\/p>","DefaultChoices":false,"DataExportTag":"Q17","QuestionType":"DB","Selector":"TB","Configuration":{"QuestionDescriptionOption":"UseText"},"QuestionDescription":"Informed Consent for\n Participation in This Research\n\n \u00a0\n\n DESCRIPTION: \u00a0You are invited to parti...","ChoiceOrder":[],"Validation":{"Settings":{"Type":"None"}},"GradingData":[],"Language":[],"QuestionID":"QID26"}},{"SurveyID":"SV_4Gjx2uIdWxtvzxj","Element":"SQ","PrimaryAttribute":"QID44","SecondaryAttribute":"Sex:","TertiaryAttribute":null,"Payload":{"QuestionText":"Sex:","DataExportTag":"Q16","QuestionType":"MC","Selector":"SAVR","SubSelector":"TX","Configuration":{"QuestionDescriptionOption":"UseText"},"QuestionDescription":"Sex:","Choices":{"1":{"Display":"Female"},"2":{"Display":"Male"}},"ChoiceOrder":["1","2"],"Validation":{"Settings":{"ForceResponse":"ON","ForceResponseType":"ON","Type":"None"}},"Language":[],"QuestionID":"QID44"}},{"SurveyID":"SV_4Gjx2uIdWxtvzxj","Element":"SQ","PrimaryAttribute":"QID11","SecondaryAttribute":"Timing","TertiaryAttribute":null,"Payload":{"QuestionText":"Timing","DefaultChoices":false,"DataExportTag":"Q4","QuestionType":"Timing","Selector":"PageTimer","Configuration":{"QuestionDescriptionOption":"UseText","MinSeconds":"0","ShowTimer":false},"QuestionDescription":"Timing","Choices":{"1":{"Display":"First Click"},"2":{"Display":"Last Click"},"3":{"Display":"Page Submit"},"4":{"Display":"Click Count"}},"GradingData":[],"Language":[],"QuestionID":"QID11","QuestionText_Unsafe":"Timing"}},{"SurveyID":"SV_4Gjx2uIdWxtvzxj","Element":"SQ","PrimaryAttribute":"QID14","SecondaryAttribute":"What is your sex?","TertiaryAttribute":null,"Payload":{"QuestionText":"What is your sex?","DefaultChoices":false,"DataExportTag":"Q1","QuestionType":"MC","Selector":"SAVR","SubSelector":"TX","Configuration":{"QuestionDescriptionOption":"UseText"},"QuestionDescription":"What is your sex?","Choices":{"1":{"Display":"Male"},"2":{"Display":"Female"}},"ChoiceOrder":[1,2],"Validation":{"Settings":{"ForceResponse":"ON","ForceResponseType":"ON","Type":"None"}},"GradingData":[],"Language":[],"QuestionID":"QID14","QuestionText_Unsafe":"What is your gender?"}}]}