{"SurveyEntry":{"SurveyID":"SV_eyYDUA9tgF9HGxn","SurveyName":"Uncanny Valley (Experiment 1B-1C)","SurveyDescription":null,"SurveyOwnerID":"URH_1MuSsKuNN3l85qA","SurveyBrandID":"stanforduniversity","DivisionID":null,"SurveyLanguage":"EN","SurveyActiveResponseSet":"RS_3ORFLUQXh2KR5at","SurveyStatus":"Inactive","SurveyStartDate":"0000-00-00 00:00:00","SurveyExpirationDate":"0000-00-00 00:00:00","SurveyCreationDate":"2015-05-02 12:11:15","CreatorID":"URH_1MuSsKuNN3l85qA","LastModified":"2019-09-29 08:20:32","LastAccessed":"0000-00-00 00:00:00","LastActivated":"2015-05-02 12:47:48","Deleted":null},"SurveyElements":[{"SurveyID":"SV_eyYDUA9tgF9HGxn","Element":"BL","PrimaryAttribute":"Survey Blocks","SecondaryAttribute":null,"TertiaryAttribute":null,"Payload":{"1":{"Type":"Trash","Description":"Trash \/ Unused Questions","ID":"BL_8CwSg26YDVAiSpf","BlockElements":[{"Type":"Question","QuestionID":"QID26"},{"Type":"Question","QuestionID":"QID14"},{"Type":"Question","QuestionID":"QID43"},{"Type":"Question","QuestionID":"QID22"},{"Type":"Question","QuestionID":"QID24"},{"Type":"Question","QuestionID":"QID38"},{"Type":"Question","QuestionID":"QID27"},{"Type":"Page Break"},{"Type":"Page Break"},{"Type":"Page Break"},{"Type":"Question","QuestionID":"QID48"},{"Type":"Question","QuestionID":"QID42"},{"Type":"Question","QuestionID":"QID54"},{"Type":"Question","QuestionID":"QID55"},{"Type":"Question","QuestionID":"QID56"},{"Type":"Question","QuestionID":"QID57"},{"Type":"Question","QuestionID":"QID59"}]},"6":{"Type":"Standard","SubType":"","Description":"Likeability - main block","ID":"BL_3kotifTEutDshDL","BlockElements":[{"Type":"Question","QuestionID":"QID21"},{"Type":"Question","QuestionID":"QID53"},{"Type":"Question","QuestionID":"QID39"},{"Type":"Question","QuestionID":"QID11"}],"Options":{"BlockLocking":"false","RandomizeQuestions":"false","Looping":"Static","LoopingOptions":{"Static":{"2":{"1":"<img src=\"https:\/\/stanforduniversity.qualtrics.com\/CP\/Graphic.php?IM=IM_bd5G0JwPyS5RX6d\" style=\"height: 100px;\" \/>","2":""},"3":{"1":"<img src=\"https:\/\/stanforduniversity.qualtrics.com\/CP\/Graphic.php?IM=IM_beDH7H0K3SPr6kd\" style=\"height: 100px;\" \/>","2":""},"4":{"1":"<img src=\"https:\/\/stanforduniversity.qualtrics.com\/CP\/Graphic.php?IM=IM_emLOXAPgQVuvUfb\" style=\"width: 300px; height: 300px;\" \/>","2":""},"5":{"1":"<img src=\"https:\/\/stanforduniversity.qualtrics.com\/CP\/Graphic.php?IM=IM_b9gGrNofuXKZAxL\" style=\"width: 370px; height: 300px;\" \/>","2":""},"6":{"1":"<img src=\"https:\/\/stanforduniversity.qualtrics.com\/CP\/Graphic.php?IM=IM_ebQHacyLBzlL8cl\" style=\"width: 300px; height: 300px;\" \/>","2":""},"7":{"1":"<img src=\"https:\/\/stanforduniversity.qualtrics.com\/CP\/Graphic.php?IM=IM_d0S2XftMt9v0uEt\" style=\"width: 300px; height: 300px;\" \/>","2":""},"8":{"1":"<img src=\"https:\/\/stanforduniversity.qualtrics.com\/CP\/Graphic.php?IM=IM_0cfTKgIoq3zL1Pv\" style=\"width: 300px; height: 300px;\" \/><br \/>","2":""},"9":{"1":"<img src=\"https:\/\/stanforduniversity.qualtrics.com\/CP\/Graphic.php?IM=IM_56dYzKB7D1RqT7D\" style=\"width: 300px; height: 300px;\" \/> ","2":""},"10":{"1":"<img src=\"https:\/\/stanforduniversity.qualtrics.com\/CP\/Graphic.php?IM=IM_6W0NghNSS643dpH\" style=\"width: 300px; height: 300px;\" \/>","2":""},"11":{"1":" <img src=\"https:\/\/stanforduniversity.qualtrics.com\/CP\/Graphic.php?IM=IM_bxqWRR1d8HoG2Ff\" style=\"width: 300px; height: 300px;\" \/>","2":""},"12":{"1":" <img src=\"https:\/\/stanforduniversity.qualtrics.com\/CP\/Graphic.php?IM=IM_cVlIlNmquTHvd7n\" style=\"width: 300px; height: 300px;\" \/> ","2":""},"13":{"1":"<img src=\"https:\/\/stanforduniversity.qualtrics.com\/CP\/Graphic.php?IM=IM_0fkc3ibCAuiN8KV\" style=\"width: 300px; height: 300px;\" \/>","2":""},"14":{"1":"\n<img src=\"https:\/\/stanforduniversity.qualtrics.com\/CP\/Graphic.php?IM=IM_7NYrQTV8AAWovel\" style=\"width: 300px; height: 300px;\" \/>","2":""},"15":{"1":"<img src=\"https:\/\/stanforduniversity.qualtrics.com\/CP\/Graphic.php?IM=IM_bd2hLGURSaxVnkp\" style=\"width: 300px; height: 300px;\" \/>","2":""},"16":{"1":"<img src=\"https:\/\/stanforduniversity.qualtrics.com\/CP\/Graphic.php?IM=IM_08pztC5TUeraxYF\" style=\"width: 300px; height: 300px;\" \/> ","2":""},"17":{"1":"<img src=\"https:\/\/stanforduniversity.qualtrics.com\/CP\/Graphic.php?IM=IM_5i1tjVPNJCIt5id\" style=\"width: 300px; height: 300px;\" \/> ","2":""},"18":{"1":"<img src=\"https:\/\/stanforduniversity.qualtrics.com\/CP\/Graphic.php?IM=IM_a9jCMfxQpnfxzal\" style=\"width: 300px; height: 300px;\" \/> ","2":""},"19":{"1":"<img src=\"https:\/\/stanforduniversity.qualtrics.com\/CP\/Graphic.php?IM=IM_9Nat23O0Ef1hgyN\" style=\"width: 300px; height: 300px;\" \/> ","2":""},"20":{"1":"<img src=\"https:\/\/stanforduniversity.qualtrics.com\/CP\/Graphic.php?IM=IM_02mWB28lrjhWvYN\" style=\"width: 300px; height: 300px;\" \/>","2":""},"21":{"1":"<img src=\"https:\/\/stanforduniversity.qualtrics.com\/CP\/Graphic.php?IM=IM_885sovK3yVMGIJL\" style=\"width: 300px; height: 300px;\" \/>","2":""},"22":{"1":"<img src=\"https:\/\/stanforduniversity.qualtrics.com\/CP\/Graphic.php?IM=IM_8bL58dpVnJ3TYhL\" style=\"width: 300px; height: 300px;\" \/>","2":""},"23":{"1":" <img src=\"https:\/\/stanforduniversity.qualtrics.com\/CP\/Graphic.php?IM=IM_3q7C05ACxoi2sLP\" style=\"width: 400px; height: 300px;\" \/> ","2":""},"24":{"1":"<img src=\"https:\/\/stanforduniversity.qualtrics.com\/CP\/Graphic.php?IM=IM_7UMbqWfi9ipWaTr\" style=\"width: 300px; height: 300px;\" \/> ","2":""},"25":{"1":"<img src=\"https:\/\/stanforduniversity.qualtrics.com\/CP\/Graphic.php?IM=IM_6DQ2SeQLWDSOsAZ\" style=\"width: 300px; height: 300px;\" \/> ","2":""},"26":{"1":"<img src=\"https:\/\/stanforduniversity.qualtrics.com\/CP\/Graphic.php?IM=IM_dmU74ox97WB3rff\" style=\"width: 300px; height: 300px;\" \/> ","2":""},"27":{"1":"<img src=\"https:\/\/stanforduniversity.qualtrics.com\/CP\/Graphic.php?IM=IM_1BPtwVHYK1ScdrT\" style=\"width: 300px; height: 300px;\" \/>","2":""},"28":{"1":" <img src=\"https:\/\/stanforduniversity.qualtrics.com\/CP\/Graphic.php?IM=IM_a607N64KdrR9K73\" style=\"width: 300px; height: 300px;\" \/> ","2":""},"29":{"1":"<img src=\"https:\/\/stanforduniversity.qualtrics.com\/CP\/Graphic.php?IM=IM_bjuuZjqZYyCjvIF\" style=\"width: 349px; height: 300px;\" \/> ","2":""},"30":{"1":"<img src=\"https:\/\/stanforduniversity.qualtrics.com\/CP\/Graphic.php?IM=IM_bqkhkPqKIuUJKdv\" style=\"width: 231px; height: 231px;\" \/> ","2":""},"31":{"1":"<img src=\"https:\/\/stanforduniversity.qualtrics.com\/CP\/Graphic.php?IM=IM_6PYqPQFNziC2Mu1\" style=\"width: 343px; height: 300px;\" \/> ","2":""},"32":{"1":"<img src=\"https:\/\/stanforduniversity.qualtrics.com\/CP\/Graphic.php?IM=IM_0TE8aCOpSEQFFjv\" style=\"width: 300px; height: 300px;\" \/>","2":""},"33":{"1":" <img src=\"https:\/\/stanforduniversity.qualtrics.com\/CP\/Graphic.php?IM=IM_baAhY8KkId29mjH\" style=\"width: 300px; height: 300px;\" \/>","2":""},"34":{"1":" <img src=\"https:\/\/stanforduniversity.qualtrics.com\/CP\/Graphic.php?IM=IM_3Rj0yOS32sa0LLn\" style=\"width: 354px; height: 300px;\" \/>","2":""},"35":{"1":"<img src=\"https:\/\/stanforduniversity.qualtrics.com\/CP\/Graphic.php?IM=IM_37qGXEtiBjKIvD7\" style=\"width: 300px; height: 300px;\" \/>","2":""},"36":{"1":"<img src=\"https:\/\/stanforduniversity.qualtrics.com\/CP\/Graphic.php?IM=IM_416vHMqjj9n0MRL\" style=\"width: 300px; height: 300px;\" \/>","2":""},"37":{"1":" <img src=\"https:\/\/stanforduniversity.qualtrics.com\/CP\/Graphic.php?IM=IM_9HU57HK9FI4aNCJ\" style=\"width: 300px; height: 300px;\" \/> ","2":""},"38":{"1":"<img src=\"https:\/\/stanforduniversity.qualtrics.com\/CP\/Graphic.php?IM=IM_eG11llBHCADATUp\" style=\"width: 389px; height: 300px;\" \/>","2":""},"39":{"1":" <img src=\"https:\/\/stanforduniversity.qualtrics.com\/CP\/Graphic.php?IM=IM_cYLu7HwCGSnbfCd\" style=\"width: 354px; height: 300px;\" \/> ","2":""},"40":{"1":"<img src=\"https:\/\/stanforduniversity.qualtrics.com\/CP\/Graphic.php?IM=IM_41Jz6ODRzvYGxFj\" style=\"width: 300px; height: 300px;\" \/>","2":""},"41":{"1":" <img src=\"https:\/\/stanforduniversity.qualtrics.com\/CP\/Graphic.php?IM=IM_0uMTIwBXmcYjNg9\" style=\"width: 248px; height: 300px;\" \/>","2":""},"42":{"1":" <img src=\"https:\/\/stanforduniversity.qualtrics.com\/CP\/Graphic.php?IM=IM_3jWj1sCKCAjk0rX\" style=\"width: 377px; height: 300px;\" \/> ","2":""},"43":{"1":"<img src=\"https:\/\/stanforduniversity.qualtrics.com\/CP\/Graphic.php?IM=IM_cuXDjCc9GshzgLX\" style=\"width: 447px; height: 300px;\" \/>","2":""},"44":{"1":" <img src=\"https:\/\/stanforduniversity.qualtrics.com\/CP\/Graphic.php?IM=IM_9FbPZKX3t9koxvL\" style=\"width: 300px; height: 300px;\" \/>","2":""},"45":{"1":" <img src=\"https:\/\/stanforduniversity.qualtrics.com\/CP\/Graphic.php?IM=IM_dipjd6RhZGLGvMp\" style=\"width: 383px; height: 300px;\" \/>","2":""},"46":{"1":"<img src=\"https:\/\/stanforduniversity.qualtrics.com\/CP\/Graphic.php?IM=IM_e8No52mKkMNg1Mx\" style=\"width: 300px; height: 300px;\" \/> ","2":""},"47":{"1":"<img src=\"https:\/\/stanforduniversity.qualtrics.com\/CP\/Graphic.php?IM=IM_0fudk8pt24469vv\" style=\"width: 294px; height: 300px;\" \/>","2":""},"48":{"1":" <img src=\"https:\/\/stanforduniversity.qualtrics.com\/CP\/Graphic.php?IM=IM_4VghAYPWk9nEJ6t\" style=\"width: 454px; height: 300px;\" \/>","2":""},"49":{"1":" <img src=\"https:\/\/stanforduniversity.qualtrics.com\/CP\/Graphic.php?IM=IM_2nSNIzrQ1X6LTnv\" style=\"width: 300px; height: 300px;\" \/> ","2":""},"50":{"1":"<img src=\"https:\/\/stanforduniversity.qualtrics.com\/CP\/Graphic.php?IM=IM_6fXQt4UhRYQPnW5\" style=\"width: 332px; height: 300px;\" \/>","2":""},"51":{"1":" <img src=\"https:\/\/stanforduniversity.qualtrics.com\/CP\/Graphic.php?IM=IM_cHHVQBnHVljtTJH\" style=\"width: 351px; height: 300px;\" \/> ","2":""},"52":{"1":"<img src=\"https:\/\/stanforduniversity.qualtrics.com\/CP\/Graphic.php?IM=IM_9M6qm4IOR20Da5L\" style=\"width: 330px; height: 300px;\" \/>","2":""},"53":{"1":" <img src=\"https:\/\/stanforduniversity.qualtrics.com\/CP\/Graphic.php?IM=IM_eUUr6w8lMFfcbC5\" style=\"width: 312px; height: 300px;\" \/>","2":""},"54":{"1":" <img src=\"https:\/\/stanforduniversity.qualtrics.com\/CP\/Graphic.php?IM=IM_9n7IKsMh0YAnyWV\" style=\"width: 385px; height: 300px;\" \/>","2":""},"55":{"1":" <img src=\"https:\/\/stanforduniversity.qualtrics.com\/CP\/Graphic.php?IM=IM_e3hwU9D900zeRdr\" style=\"width: 378px; height: 300px;\" \/>","2":""},"56":{"1":" <img src=\"https:\/\/stanforduniversity.qualtrics.com\/CP\/Graphic.php?IM=IM_6DRlzdWaWAPLnGl\" style=\"width: 490px; height: 300px;\" \/> ","2":""},"57":{"1":"<img src=\"https:\/\/stanforduniversity.qualtrics.com\/CP\/Graphic.php?IM=IM_41U1GJfteZowWmV\" style=\"width: 300px; height: 300px;\" \/> ","2":""},"58":{"1":"<img src=\"https:\/\/stanforduniversity.qualtrics.com\/CP\/Graphic.php?IM=IM_2ira1ICzfioVwWh\" style=\"width: 314px; height: 300px;\" \/> ","2":""},"59":{"1":"<img src=\"https:\/\/stanforduniversity.qualtrics.com\/CP\/Graphic.php?IM=IM_6r3xVUfpraR5DeJ\" style=\"width: 300px; height: 300px;\" \/>","2":""},"60":{"1":" <img src=\"https:\/\/stanforduniversity.qualtrics.com\/CP\/Graphic.php?IM=IM_eb65YzyTFrrrZFX\" style=\"width: 312px; height: 300px;\" \/>","2":""},"61":{"1":" <img src=\"https:\/\/stanforduniversity.qualtrics.com\/CP\/Graphic.php?IM=IM_8tPEJqhc4F0rHaR\" style=\"width: 351px; height: 300px;\" \/>","2":""},"62":{"1":" <img src=\"https:\/\/stanforduniversity.qualtrics.com\/CP\/Graphic.php?IM=IM_0iZ2epzCsUaCm6p\" style=\"width: 336px; height: 300px;\" \/> ","2":""},"63":{"1":"<img src=\"https:\/\/stanforduniversity.qualtrics.com\/CP\/Graphic.php?IM=IM_9QNO3YR4fRQvHpP\" style=\"width: 300px; height: 300px;\" \/> ","2":""},"64":{"1":"<img src=\"https:\/\/stanforduniversity.qualtrics.com\/CP\/Graphic.php?IM=IM_cCFYSRIkUvMrrj7\" style=\"width: 300px; height: 300px;\" \/> ","2":""},"65":{"1":"<img src=\"https:\/\/stanforduniversity.qualtrics.com\/CP\/Graphic.php?IM=IM_a2V4oWjmQZMUuGh\" style=\"width: 300px; height: 300px;\" \/>","2":""},"66":{"1":" <img src=\"https:\/\/stanforduniversity.qualtrics.com\/CP\/Graphic.php?IM=IM_dnliIJF2cOjzkd7\" style=\"width: 300px; height: 300px;\" \/> ","2":""},"67":{"1":"<img src=\"https:\/\/stanforduniversity.qualtrics.com\/CP\/Graphic.php?IM=IM_0uBz1mlCepVD7iB\" style=\"width: 300px; height: 300px;\" \/>","2":""},"68":{"1":" <img src=\"https:\/\/stanforduniversity.qualtrics.com\/CP\/Graphic.php?IM=IM_8iVWlS7CjIRJfox\" style=\"width: 300px; height: 297px;\" \/>","2":""},"69":{"1":" <img src=\"https:\/\/stanforduniversity.qualtrics.com\/CP\/Graphic.php?IM=IM_5oGADOsYNF6GWWN\" style=\"width: 300px; height: 300px;\" \/>","2":""},"70":{"1":" <img src=\"https:\/\/stanforduniversity.qualtrics.com\/CP\/Graphic.php?IM=IM_a3jLcHCiJuWFzF3\" style=\"width: 300px; height: 300px;\" \/>","2":""},"71":{"1":" <img src=\"https:\/\/stanforduniversity.qualtrics.com\/CP\/Graphic.php?IM=IM_6g3YWIMLZo0F2sd\" style=\"width: 300px; height: 300px;\" \/>","2":""},"72":{"1":" <img src=\"https:\/\/stanforduniversity.qualtrics.com\/CP\/Graphic.php?IM=IM_1BtktPFOXW6GRRr\" style=\"width: 300px; height: 300px;\" \/>","2":""},"73":{"1":" <img src=\"https:\/\/stanforduniversity.qualtrics.com\/CP\/Graphic.php?IM=IM_b8wAfucpdupRDMN\" style=\"width: 300px; height: 300px;\" \/>","2":""},"74":{"1":" <img src=\"https:\/\/stanforduniversity.qualtrics.com\/CP\/Graphic.php?IM=IM_86LWiRgr9ncqjOt\" style=\"width: 300px; height: 300px;\" \/>","2":""},"75":{"1":" <img src=\"https:\/\/stanforduniversity.qualtrics.com\/CP\/Graphic.php?IM=IM_3f0IGhD8VGHeAzb\" style=\"width: 300px; height: 300px;\" \/>","2":""},"76":{"1":" <img src=\"https:\/\/stanforduniversity.qualtrics.com\/CP\/Graphic.php?IM=IM_9uXXz3SsDLMDyxD\" style=\"width: 300px; height: 300px;\" \/>","2":""},"77":{"1":" <img src=\"https:\/\/stanforduniversity.qualtrics.com\/CP\/Graphic.php?IM=IM_0igdrPVq8NgnaVT\" style=\"width: 300px; height: 300px;\" \/> ","2":""},"78":{"1":"<img src=\"https:\/\/stanforduniversity.qualtrics.com\/CP\/Graphic.php?IM=IM_39tWVqDhdqPnTet\" style=\"width: 300px; height: 300px;\" \/> ","2":""},"79":{"1":"<img src=\"https:\/\/stanforduniversity.qualtrics.com\/CP\/Graphic.php?IM=IM_0kWrWWEAXOREXAx\" style=\"width: 216px; height: 216px;\" \/>","2":""},"80":{"1":"<img src=\"https:\/\/stanforduniversity.qualtrics.com\/CP\/Graphic.php?IM=IM_3a4lrOLN578Kxwx\" style=\"width: 237px; height: 237px;\" \/>","2":""},"81":{"1":"<img src=\"https:\/\/stanforduniversity.qualtrics.com\/CP\/Graphic.php?IM=IM_cwmUSbfgwXQzUDX\" style=\"width: 237px; height: 237px;\" \/>","2":""}},"Randomization":"Subset","TotalRandSubset":"15"}}},"12":{"Type":"Standard","SubType":"","Description":"Problems","ID":"BL_9uGzACUns2sp4gJ","BlockElements":[{"Type":"Question","QuestionID":"QID33"},{"Type":"Question","QuestionID":"QID45"}]},"13":{"Type":"Standard","SubType":"","Description":"End demographics","ID":"BL_eXoaRowf3NMD19X","BlockElements":[{"Type":"Question","QuestionID":"QID44"},{"Type":"Question","QuestionID":"QID34"},{"Type":"Question","QuestionID":"QID35"},{"Type":"Question","QuestionID":"QID36"}]},"14":{"Type":"Standard","SubType":"","Description":"Trust - main block","ID":"BL_cuqTfpURN97lEq1","BlockElements":[{"Type":"Question","QuestionID":"QID46"},{"Type":"Question","QuestionID":"QID47"},{"Type":"Question","QuestionID":"QID49"},{"Type":"Question","QuestionID":"QID50"}],"Options":{"BlockLocking":false,"RandomizeQuestions":"false","Looping":"Static","LoopingOptions":{"Static":{"2":{"1":"<img src=\"https:\/\/stanforduniversity.qualtrics.com\/CP\/Graphic.php?IM=IM_bd5G0JwPyS5RX6d\" style=\"height: 100px;\" \/>","2":""},"3":{"1":"<img src=\"https:\/\/stanforduniversity.qualtrics.com\/CP\/Graphic.php?IM=IM_beDH7H0K3SPr6kd\" style=\"height: 100px;\" \/>","2":""},"4":{"1":"<img src=\"https:\/\/stanforduniversity.qualtrics.com\/CP\/Graphic.php?IM=IM_emLOXAPgQVuvUfb\" style=\"width: 300px; height: 300px;\" \/>","2":""},"5":{"1":"<img src=\"https:\/\/stanforduniversity.qualtrics.com\/CP\/Graphic.php?IM=IM_b9gGrNofuXKZAxL\" style=\"width: 370px; height: 300px;\" \/>","2":""},"6":{"1":"<img src=\"https:\/\/stanforduniversity.qualtrics.com\/CP\/Graphic.php?IM=IM_ebQHacyLBzlL8cl\" style=\"width: 300px; height: 300px;\" \/>","2":""},"7":{"1":"<img src=\"https:\/\/stanforduniversity.qualtrics.com\/CP\/Graphic.php?IM=IM_d0S2XftMt9v0uEt\" style=\"width: 300px; height: 300px;\" \/>","2":""},"8":{"1":"<img src=\"https:\/\/stanforduniversity.qualtrics.com\/CP\/Graphic.php?IM=IM_0cfTKgIoq3zL1Pv\" style=\"width: 300px; height: 300px;\" \/><br \/>","2":""},"9":{"1":"<img src=\"https:\/\/stanforduniversity.qualtrics.com\/CP\/Graphic.php?IM=IM_56dYzKB7D1RqT7D\" style=\"width: 300px; height: 300px;\" \/> ","2":""},"10":{"1":"<img src=\"https:\/\/stanforduniversity.qualtrics.com\/CP\/Graphic.php?IM=IM_6W0NghNSS643dpH\" style=\"width: 300px; height: 300px;\" \/>","2":""},"11":{"1":" <img src=\"https:\/\/stanforduniversity.qualtrics.com\/CP\/Graphic.php?IM=IM_bxqWRR1d8HoG2Ff\" style=\"width: 300px; height: 300px;\" \/>","2":""},"12":{"1":" <img src=\"https:\/\/stanforduniversity.qualtrics.com\/CP\/Graphic.php?IM=IM_cVlIlNmquTHvd7n\" style=\"width: 300px; height: 300px;\" \/> ","2":""},"13":{"1":"<img src=\"https:\/\/stanforduniversity.qualtrics.com\/CP\/Graphic.php?IM=IM_0fkc3ibCAuiN8KV\" style=\"width: 300px; height: 300px;\" \/>","2":""},"14":{"1":"\n<img src=\"https:\/\/stanforduniversity.qualtrics.com\/CP\/Graphic.php?IM=IM_7NYrQTV8AAWovel\" style=\"width: 300px; height: 300px;\" \/>","2":""},"15":{"1":"<img src=\"https:\/\/stanforduniversity.qualtrics.com\/CP\/Graphic.php?IM=IM_bd2hLGURSaxVnkp\" style=\"width: 300px; height: 300px;\" \/>","2":""},"16":{"1":"<img src=\"https:\/\/stanforduniversity.qualtrics.com\/CP\/Graphic.php?IM=IM_08pztC5TUeraxYF\" style=\"width: 300px; height: 300px;\" \/> ","2":""},"17":{"1":"<img src=\"https:\/\/stanforduniversity.qualtrics.com\/CP\/Graphic.php?IM=IM_5i1tjVPNJCIt5id\" style=\"width: 300px; height: 300px;\" \/> ","2":""},"18":{"1":"<img src=\"https:\/\/stanforduniversity.qualtrics.com\/CP\/Graphic.php?IM=IM_a9jCMfxQpnfxzal\" style=\"width: 300px; height: 300px;\" \/> ","2":""},"19":{"1":"<img src=\"https:\/\/stanforduniversity.qualtrics.com\/CP\/Graphic.php?IM=IM_9Nat23O0Ef1hgyN\" style=\"width: 300px; height: 300px;\" \/> ","2":""},"20":{"1":"<img src=\"https:\/\/stanforduniversity.qualtrics.com\/CP\/Graphic.php?IM=IM_02mWB28lrjhWvYN\" style=\"width: 300px; height: 300px;\" \/>","2":""},"21":{"1":"<img src=\"https:\/\/stanforduniversity.qualtrics.com\/CP\/Graphic.php?IM=IM_885sovK3yVMGIJL\" style=\"width: 300px; height: 300px;\" \/>","2":""},"22":{"1":"<img src=\"https:\/\/stanforduniversity.qualtrics.com\/CP\/Graphic.php?IM=IM_8bL58dpVnJ3TYhL\" style=\"width: 300px; height: 300px;\" \/>","2":""},"23":{"1":" <img src=\"https:\/\/stanforduniversity.qualtrics.com\/CP\/Graphic.php?IM=IM_3q7C05ACxoi2sLP\" style=\"width: 400px; height: 300px;\" \/> ","2":""},"24":{"1":"<img src=\"https:\/\/stanforduniversity.qualtrics.com\/CP\/Graphic.php?IM=IM_7UMbqWfi9ipWaTr\" style=\"width: 300px; height: 300px;\" \/> ","2":""},"25":{"1":"<img src=\"https:\/\/stanforduniversity.qualtrics.com\/CP\/Graphic.php?IM=IM_6DQ2SeQLWDSOsAZ\" style=\"width: 300px; height: 300px;\" \/> ","2":""},"26":{"1":"<img src=\"https:\/\/stanforduniversity.qualtrics.com\/CP\/Graphic.php?IM=IM_dmU74ox97WB3rff\" style=\"width: 300px; height: 300px;\" \/> ","2":""},"27":{"1":"<img src=\"https:\/\/stanforduniversity.qualtrics.com\/CP\/Graphic.php?IM=IM_1BPtwVHYK1ScdrT\" style=\"width: 300px; height: 300px;\" \/>","2":""},"28":{"1":" <img src=\"https:\/\/stanforduniversity.qualtrics.com\/CP\/Graphic.php?IM=IM_a607N64KdrR9K73\" style=\"width: 300px; height: 300px;\" \/> ","2":""},"29":{"1":"<img src=\"https:\/\/stanforduniversity.qualtrics.com\/CP\/Graphic.php?IM=IM_bjuuZjqZYyCjvIF\" style=\"width: 349px; height: 300px;\" \/> ","2":""},"30":{"1":"<img src=\"https:\/\/stanforduniversity.qualtrics.com\/CP\/Graphic.php?IM=IM_bqkhkPqKIuUJKdv\" style=\"width: 231px; height: 231px;\" \/> ","2":""},"31":{"1":"<img src=\"https:\/\/stanforduniversity.qualtrics.com\/CP\/Graphic.php?IM=IM_6PYqPQFNziC2Mu1\" style=\"width: 343px; height: 300px;\" \/> ","2":""},"32":{"1":"<img src=\"https:\/\/stanforduniversity.qualtrics.com\/CP\/Graphic.php?IM=IM_0TE8aCOpSEQFFjv\" style=\"width: 300px; height: 300px;\" \/>","2":""},"33":{"1":" <img src=\"https:\/\/stanforduniversity.qualtrics.com\/CP\/Graphic.php?IM=IM_baAhY8KkId29mjH\" style=\"width: 300px; height: 300px;\" \/>","2":""},"34":{"1":" <img src=\"https:\/\/stanforduniversity.qualtrics.com\/CP\/Graphic.php?IM=IM_3Rj0yOS32sa0LLn\" style=\"width: 354px; height: 300px;\" \/>","2":""},"35":{"1":"<img src=\"https:\/\/stanforduniversity.qualtrics.com\/CP\/Graphic.php?IM=IM_37qGXEtiBjKIvD7\" style=\"width: 300px; height: 300px;\" \/>","2":""},"36":{"1":"<img src=\"https:\/\/stanforduniversity.qualtrics.com\/CP\/Graphic.php?IM=IM_416vHMqjj9n0MRL\" style=\"width: 300px; height: 300px;\" \/>","2":""},"37":{"1":" <img src=\"https:\/\/stanforduniversity.qualtrics.com\/CP\/Graphic.php?IM=IM_9HU57HK9FI4aNCJ\" style=\"width: 300px; height: 300px;\" \/> ","2":""},"38":{"1":"<img src=\"https:\/\/stanforduniversity.qualtrics.com\/CP\/Graphic.php?IM=IM_eG11llBHCADATUp\" style=\"width: 389px; height: 300px;\" \/>","2":""},"39":{"1":" <img src=\"https:\/\/stanforduniversity.qualtrics.com\/CP\/Graphic.php?IM=IM_cYLu7HwCGSnbfCd\" style=\"width: 354px; height: 300px;\" \/> ","2":""},"40":{"1":"<img src=\"https:\/\/stanforduniversity.qualtrics.com\/CP\/Graphic.php?IM=IM_41Jz6ODRzvYGxFj\" style=\"width: 300px; height: 300px;\" \/>","2":""},"41":{"1":" <img src=\"https:\/\/stanforduniversity.qualtrics.com\/CP\/Graphic.php?IM=IM_0uMTIwBXmcYjNg9\" style=\"width: 248px; height: 300px;\" \/>","2":""},"42":{"1":" <img src=\"https:\/\/stanforduniversity.qualtrics.com\/CP\/Graphic.php?IM=IM_3jWj1sCKCAjk0rX\" style=\"width: 377px; height: 300px;\" \/> ","2":""},"43":{"1":"<img src=\"https:\/\/stanforduniversity.qualtrics.com\/CP\/Graphic.php?IM=IM_cuXDjCc9GshzgLX\" style=\"width: 447px; height: 300px;\" \/>","2":""},"44":{"1":" <img src=\"https:\/\/stanforduniversity.qualtrics.com\/CP\/Graphic.php?IM=IM_9FbPZKX3t9koxvL\" style=\"width: 300px; height: 300px;\" \/>","2":""},"45":{"1":" <img src=\"https:\/\/stanforduniversity.qualtrics.com\/CP\/Graphic.php?IM=IM_dipjd6RhZGLGvMp\" style=\"width: 383px; height: 300px;\" \/>","2":""},"46":{"1":"<img src=\"https:\/\/stanforduniversity.qualtrics.com\/CP\/Graphic.php?IM=IM_e8No52mKkMNg1Mx\" style=\"width: 300px; height: 300px;\" \/> ","2":""},"47":{"1":"<img src=\"https:\/\/stanforduniversity.qualtrics.com\/CP\/Graphic.php?IM=IM_0fudk8pt24469vv\" style=\"width: 294px; height: 300px;\" \/>","2":""},"48":{"1":" <img src=\"https:\/\/stanforduniversity.qualtrics.com\/CP\/Graphic.php?IM=IM_4VghAYPWk9nEJ6t\" style=\"width: 454px; height: 300px;\" \/>","2":""},"49":{"1":" <img src=\"https:\/\/stanforduniversity.qualtrics.com\/CP\/Graphic.php?IM=IM_2nSNIzrQ1X6LTnv\" style=\"width: 300px; height: 300px;\" \/> ","2":""},"50":{"1":"<img src=\"https:\/\/stanforduniversity.qualtrics.com\/CP\/Graphic.php?IM=IM_6fXQt4UhRYQPnW5\" style=\"width: 332px; height: 300px;\" \/>","2":""},"51":{"1":" <img src=\"https:\/\/stanforduniversity.qualtrics.com\/CP\/Graphic.php?IM=IM_cHHVQBnHVljtTJH\" style=\"width: 351px; height: 300px;\" \/> ","2":""},"52":{"1":"<img src=\"https:\/\/stanforduniversity.qualtrics.com\/CP\/Graphic.php?IM=IM_9M6qm4IOR20Da5L\" style=\"width: 330px; height: 300px;\" \/>","2":""},"53":{"1":" <img src=\"https:\/\/stanforduniversity.qualtrics.com\/CP\/Graphic.php?IM=IM_eUUr6w8lMFfcbC5\" style=\"width: 312px; height: 300px;\" \/>","2":""},"54":{"1":" <img src=\"https:\/\/stanforduniversity.qualtrics.com\/CP\/Graphic.php?IM=IM_9n7IKsMh0YAnyWV\" style=\"width: 385px; height: 300px;\" \/>","2":""},"55":{"1":" <img src=\"https:\/\/stanforduniversity.qualtrics.com\/CP\/Graphic.php?IM=IM_e3hwU9D900zeRdr\" style=\"width: 378px; height: 300px;\" \/>","2":""},"56":{"1":" <img src=\"https:\/\/stanforduniversity.qualtrics.com\/CP\/Graphic.php?IM=IM_6DRlzdWaWAPLnGl\" style=\"width: 490px; height: 300px;\" \/> ","2":""},"57":{"1":"<img src=\"https:\/\/stanforduniversity.qualtrics.com\/CP\/Graphic.php?IM=IM_41U1GJfteZowWmV\" style=\"width: 300px; height: 300px;\" \/> ","2":""},"58":{"1":"<img src=\"https:\/\/stanforduniversity.qualtrics.com\/CP\/Graphic.php?IM=IM_2ira1ICzfioVwWh\" style=\"width: 314px; height: 300px;\" \/> ","2":""},"59":{"1":"<img src=\"https:\/\/stanforduniversity.qualtrics.com\/CP\/Graphic.php?IM=IM_6r3xVUfpraR5DeJ\" style=\"width: 300px; height: 300px;\" \/>","2":""},"60":{"1":" <img src=\"https:\/\/stanforduniversity.qualtrics.com\/CP\/Graphic.php?IM=IM_eb65YzyTFrrrZFX\" style=\"width: 312px; height: 300px;\" \/>","2":""},"61":{"1":" <img src=\"https:\/\/stanforduniversity.qualtrics.com\/CP\/Graphic.php?IM=IM_8tPEJqhc4F0rHaR\" style=\"width: 351px; height: 300px;\" \/>","2":""},"62":{"1":" <img src=\"https:\/\/stanforduniversity.qualtrics.com\/CP\/Graphic.php?IM=IM_0iZ2epzCsUaCm6p\" style=\"width: 336px; height: 300px;\" \/> ","2":""},"63":{"1":"<img src=\"https:\/\/stanforduniversity.qualtrics.com\/CP\/Graphic.php?IM=IM_9QNO3YR4fRQvHpP\" style=\"width: 300px; height: 300px;\" \/> ","2":""},"64":{"1":"<img src=\"https:\/\/stanforduniversity.qualtrics.com\/CP\/Graphic.php?IM=IM_cCFYSRIkUvMrrj7\" style=\"width: 300px; height: 300px;\" \/> ","2":""},"65":{"1":"<img src=\"https:\/\/stanforduniversity.qualtrics.com\/CP\/Graphic.php?IM=IM_a2V4oWjmQZMUuGh\" style=\"width: 300px; height: 300px;\" \/>","2":""},"66":{"1":" <img src=\"https:\/\/stanforduniversity.qualtrics.com\/CP\/Graphic.php?IM=IM_dnliIJF2cOjzkd7\" style=\"width: 300px; height: 300px;\" \/> ","2":""},"67":{"1":"<img src=\"https:\/\/stanforduniversity.qualtrics.com\/CP\/Graphic.php?IM=IM_0uBz1mlCepVD7iB\" style=\"width: 300px; height: 300px;\" \/>","2":""},"68":{"1":" <img src=\"https:\/\/stanforduniversity.qualtrics.com\/CP\/Graphic.php?IM=IM_8iVWlS7CjIRJfox\" style=\"width: 300px; height: 297px;\" \/>","2":""},"69":{"1":" <img src=\"https:\/\/stanforduniversity.qualtrics.com\/CP\/Graphic.php?IM=IM_5oGADOsYNF6GWWN\" style=\"width: 300px; height: 300px;\" \/>","2":""},"70":{"1":" <img src=\"https:\/\/stanforduniversity.qualtrics.com\/CP\/Graphic.php?IM=IM_a3jLcHCiJuWFzF3\" style=\"width: 300px; height: 300px;\" \/>","2":""},"71":{"1":" <img src=\"https:\/\/stanforduniversity.qualtrics.com\/CP\/Graphic.php?IM=IM_6g3YWIMLZo0F2sd\" style=\"width: 300px; height: 300px;\" \/>","2":""},"72":{"1":" <img src=\"https:\/\/stanforduniversity.qualtrics.com\/CP\/Graphic.php?IM=IM_1BtktPFOXW6GRRr\" style=\"width: 300px; height: 300px;\" \/>","2":""},"73":{"1":" <img src=\"https:\/\/stanforduniversity.qualtrics.com\/CP\/Graphic.php?IM=IM_b8wAfucpdupRDMN\" style=\"width: 300px; height: 300px;\" \/>","2":""},"74":{"1":" <img src=\"https:\/\/stanforduniversity.qualtrics.com\/CP\/Graphic.php?IM=IM_86LWiRgr9ncqjOt\" style=\"width: 300px; height: 300px;\" \/>","2":""},"75":{"1":" <img src=\"https:\/\/stanforduniversity.qualtrics.com\/CP\/Graphic.php?IM=IM_3f0IGhD8VGHeAzb\" style=\"width: 300px; height: 300px;\" \/>","2":""},"76":{"1":" <img src=\"https:\/\/stanforduniversity.qualtrics.com\/CP\/Graphic.php?IM=IM_9uXXz3SsDLMDyxD\" style=\"width: 300px; height: 300px;\" \/>","2":""},"77":{"1":" <img src=\"https:\/\/stanforduniversity.qualtrics.com\/CP\/Graphic.php?IM=IM_0igdrPVq8NgnaVT\" style=\"width: 300px; height: 300px;\" \/> ","2":""},"78":{"1":"<img src=\"https:\/\/stanforduniversity.qualtrics.com\/CP\/Graphic.php?IM=IM_39tWVqDhdqPnTet\" style=\"width: 300px; height: 300px;\" \/> ","2":""},"79":{"1":"<img src=\"https:\/\/stanforduniversity.qualtrics.com\/CP\/Graphic.php?IM=IM_0kWrWWEAXOREXAx\" style=\"width: 216px; height: 216px;\" \/>","2":""},"80":{"1":"<img src=\"https:\/\/stanforduniversity.qualtrics.com\/CP\/Graphic.php?IM=IM_3a4lrOLN578Kxwx\" style=\"width: 237px; height: 237px;\" \/>","2":""},"81":{"1":"<img src=\"https:\/\/stanforduniversity.qualtrics.com\/CP\/Graphic.php?IM=IM_cwmUSbfgwXQzUDX\" style=\"width: 237px; height: 237px;\" \/>","2":""}},"Randomization":"Subset","TotalRandSubset":"15"}}},"15":{"Type":"Standard","SubType":"","Description":"Likeability - initial instructions","ID":"BL_0NfZmhS4nfTwgw5","BlockElements":[{"Type":"Question","QuestionID":"QID51"}]},"16":{"Type":"Standard","SubType":"","Description":"Trust - initial instructions","ID":"BL_bKn2Xarkk5So94V","BlockElements":[{"Type":"Question","QuestionID":"QID52"},{"Type":"Question","QuestionID":"QID61"}]},"17":{"Type":"Standard","SubType":"","Description":"Thumbnails","ID":"BL_eDLTZBw3KUXqjBP","BlockElements":[{"Type":"Question","QuestionID":"QID58"},{"Type":"Question","QuestionID":"QID60"}]},"18":{"Type":"Standard","SubType":"","Description":"likability intro","ID":"BL_1SoyCj6HFXalMzj","BlockElements":[{"Type":"Question","QuestionID":"QID62"}]}}},{"SurveyID":"SV_eyYDUA9tgF9HGxn","Element":"BR","PrimaryAttribute":"FL_59","SecondaryAttribute":null,"TertiaryAttribute":null,"Payload":{"FL_60":393,"FL_61":393}},{"SurveyID":"SV_eyYDUA9tgF9HGxn","Element":"FL","PrimaryAttribute":"Survey Flow","SecondaryAttribute":null,"TertiaryAttribute":null,"Payload":{"Type":"Root","FlowID":"FL_1","Flow":[{"Type":"WebService","FlowID":"FL_3","URL":"http:\/\/reporting.qualtrics.com\/projects\/randomNumGen.php","RequestParams":[{"key":"min","value":"10000000"},{"key":"max","value":"99999999"}],"ResponseMap":[{"key":"random","value":"survey_code"}],"FireAndForget":false},{"Type":"BlockRandomizer","FlowID":"FL_59","SubSet":1,"EvenPresentation":true,"Flow":[{"Type":"EmbeddedData","FlowID":"FL_60","EmbeddedData":[{"Description":"experiment","Type":"Custom","Field":"experiment","VariableType":"Nominal","Value":"likeability"}]},{"Type":"EmbeddedData","FlowID":"FL_61","EmbeddedData":[{"Description":"experiment","Type":"Custom","Field":"experiment","VariableType":"Nominal","Value":"trust"}]}]},{"Type":"Branch","FlowID":"FL_65","Description":"New Branch","BranchLogic":{"0":{"0":{"LogicType":"EmbeddedField","LeftOperand":"experiment","Operator":"EqualTo","RightOperand":"likeability","_HiddenExpression":false,"Type":"Expression","Description":"<span class=\"ConjDesc\">If<\/span> <span class=\"QuestionDesc\"><\/span> <span class=\"LeftOpDesc\">experiment<\/span> Is <span class=\"OpDesc\">Equal to<\/span> <span class=\"RightOpDesc\"> likeability <\/span>"},"Type":"If"},"Type":"BooleanExpression"},"Flow":[{"Type":"Standard","ID":"BL_0NfZmhS4nfTwgw5","FlowID":"FL_63"},{"ID":"BL_1SoyCj6HFXalMzj","Type":"Standard","FlowID":"FL_69"},{"Type":"Standard","ID":"BL_eDLTZBw3KUXqjBP","FlowID":"FL_67"},{"Type":"Standard","ID":"BL_3kotifTEutDshDL","FlowID":"FL_37"}]},{"Type":"Branch","FlowID":"FL_66","Description":"New Branch","BranchLogic":{"0":{"0":{"LogicType":"EmbeddedField","LeftOperand":"experiment","Operator":"EqualTo","RightOperand":"trust","_HiddenExpression":false,"Type":"Expression","Description":"<span class=\"ConjDesc\">If<\/span> <span class=\"QuestionDesc\"><\/span> <span class=\"LeftOpDesc\">experiment<\/span> Is <span class=\"OpDesc\">Equal to<\/span> <span class=\"RightOpDesc\"> trust <\/span>"},"Type":"If"},"Type":"BooleanExpression"},"Flow":[{"Type":"Standard","ID":"BL_bKn2Xarkk5So94V","FlowID":"FL_64"},{"Type":"Standard","ID":"BL_eDLTZBw3KUXqjBP","FlowID":"FL_68"},{"Type":"Standard","ID":"BL_cuqTfpURN97lEq1","FlowID":"FL_62"}]},{"Type":"Standard","ID":"BL_9uGzACUns2sp4gJ","FlowID":"FL_47"},{"Type":"Standard","ID":"BL_eXoaRowf3NMD19X","FlowID":"FL_48"}],"Properties":{"Count":69}}},{"SurveyID":"SV_eyYDUA9tgF9HGxn","Element":"SO","PrimaryAttribute":"Survey Options","SecondaryAttribute":null,"TertiaryAttribute":null,"Payload":{"BackButton":"false","SaveAndContinue":"true","SurveyProtection":"PublicSurvey","BallotBoxStuffingPrevention":"true","NoIndex":"Yes","SurveyExpiration":null,"SurveyTermination":"DisplayMessage","Header":"","Footer":"","ProgressBarDisplay":"None","PartialData":"+1 day","ValidationMessage":null,"PreviousButton":"  <<  ","NextButton":"  >>  ","SkinLibrary":"Qualtrics","SkinType":"MQ","Skin":"v4qualtrics1","NewScoring":1,"PreferJFE":false,"libraryId":"","nextButtonMid":"","previousButtonMid":"","headerMid":"","footerMid":"","QuestionsPerPage":"","ExternalCSS":null,"CustomStyles":{"errorStyles":{"selector":".Skin .ValidationError","styles":{"color":null,"backgroundColor":null,"borderColor":null}},"errorStylesBG":{"selector":".Skin .HeaderValidationError, .Skin .HeaderValidationError li a","styles":{"color":null,"backgroundColor":null}},"pageStyles":{"selector":"#SurveyEngineBody","styles":{"backgroundColor":null}},"textStyles":{"selector":".SkinInner","styles":{"fontFamily":null,"fontSize":null,"fontWeight":null,"fontStyle":null,"textDecoration":null,"color":null}},"questionStyles":{"selector":".Skin .QuestionText","styles":{"fontFamily":null,"fontSize":null,"fontWeight":null,"fontStyle":null,"textDecoration":null,"color":null}},"choiceStyles":{"selector":".Skin .horizontalbar th.ylabel, .Skin .Matrix table td, .Skin .Matrix table th, .Skin .Matrix table thead th, .Skin .Matrix table thead td, .Skin .PGR .DragAndDrop .Items label, .Skin .QuestionBody ul.ChoiceStructure, .Skin .PGR .DragAndDrop .Group ul, .Skin .PGR .DragAndDrop .Group h2, .Skin .PGR .DragAndDrop .Items ul, .Skin .PGR .DragAndDrop .Items h2, .Skin .DD .QuestionBody table.ChoiceStructure, .Skin .PGR .DragAndDrop .NoColumns td.groupsContainerTd div ul, .Skin .PGR .DragAndDrop .NoColumns td.groupsContainerTd div h2, .Skin .SBS thead th, .Skin .SBS td, .Skin .SBS .Answers td, .Skin .SBS .Answers th, .SBS table.ChoiceStructure, .Skin .horizontalbar thead table.LabelDescriptions tr td, .Skin .horizontalbar thead tr td.NotApplicable, .QuestionBody th, .Skin .QuestionBody .MC .MAVR label, .Skin .QuestionBody .MC .SAVR label, .Skin .SBS thead th, .Skin .SBS td, .Skin .RO .DND ul li, .Skin .reg, .SkinInner .ChoiceStructure, .Skin thead, .Skin .GAP .ChoiceStructure thead th, .Skin .GAP .ChoiceStructure .c4, .Skin .GAP .ChoiceStructure th, .Skin .GAP .ChoiceStructure .WhyText, .SkinInner .ChoiceStructure .LightBG, .Skin .QuestionOuter.Highlight .Inner .reg, .Skin .QuestionOuter.Highlight .Inner .alt, .Skin .QuestionOuter.Highlight .Inner .ReadableAlt       ","styles":{"fontFamily":null,"fontSize":null,"fontWeight":null,"fontStyle":null,"textDecoration":null,"color":null}},"headerStyles":{"selector":".Skin div#Header","styles":{"color":null}},"footerStyles":{"selector":".Skin #Footer","styles":{"color":null}},"questionSeparatorStyles":{"selector":".Skin .Separator","styles":{"backgroundColor":null,"display":"block"}},"highlightStyles":{"selector":".Skin .QuestionOuter.Highlight .Inner, .Skin .QuestionOuter.Highlight .Inner .reg, .Skin .QuestionOuter.Highlight .Inner .alt, .Skin .QuestionOuter.Highlight .Inner .ReadableAlt","styles":{"backgroundColor":null}},"highlightStylesAlt":{"selector":".Skin .QuestionOuter.Highlight .Inner .ReadableAlt, .Skin .QuestionOuter.Highlight .Inner .LightBG","styles":{"backgroundColor":null}},"textEntryStyles":{"selector":".Skin select, .Skin .InputText","styles":{"color":null}},"borderStyles":{"selector":".Skin .CS .horizontalbar table.sliderGrid tr.xlabel th, .Skin .CS .horizontalbar .ylabel, .Skin .CS .horizontalbar table.sliderGrid tr td.value, .Skin .Slider .horizontalbar table.sliderGrid tr.xlabel th, .Skin .BorderColor, .Skin .DarkBorderColor, .Skin .Slider .horizontalbar table.sliderGrid tr td.value, .Skin thead, .Skin .GAP .ChoiceStructure thead th  ","styles":{"borderColor":null}},"altRowStyles":{"selector":".Skin .ReadableAlt, .Skin .LightBG","styles":{"backgroundColor":null}},"customCSS":null},"HighlightQuestions":"off","EOSMessage":"MS_20rST0SY2qBSDnT","ShowExportTags":"false","CollectGeoLocation":"false","SurveyTitle":"Online Survey Software | Qualtrics Survey Solutions","SurveyMetaDescription":"Qualtrics sophisticated online survey software solutions make creating online surveys easy. Learn more about Research Suite and get a free account today.","PasswordProtection":"No","AnonymizeResponse":"No","Password":"","RefererCheck":"No","RefererURL":"http:\/\/","EOSMessageLibrary":"GR_6G4LaoiroGxHH12","EOSRedirectURL":"http:\/\/","EmailThankYou":"false","ThankYouEmailMessageLibrary":null,"ThankYouEmailMessage":null,"ValidateMessage":"false","ValidationMessageLibrary":null,"InactiveSurvey":"DefaultMessage","InactiveMessageLibrary":"","InactiveMessage":"","AvailableLanguages":{"EN":[]},"ProtectSelectionIds":true,"PageTransition":"Slide"}},{"SurveyID":"SV_eyYDUA9tgF9HGxn","Element":"SCO","PrimaryAttribute":"Scoring","SecondaryAttribute":null,"TertiaryAttribute":null,"Payload":{"ScoringCategories":[],"ScoringCategoryGroups":[],"ScoringSummaryCategory":null,"ScoringSummaryAfterQuestions":0,"ScoringSummaryAfterSurvey":0,"DefaultScoringCategory":null,"AutoScoringCategory":null}},{"SurveyID":"SV_eyYDUA9tgF9HGxn","Element":"STAT","PrimaryAttribute":"Survey Statistics","SecondaryAttribute":null,"TertiaryAttribute":null,"Payload":{"MobileCompatible":true,"ID":"Survey Statistics"}},{"SurveyID":"SV_eyYDUA9tgF9HGxn","Element":"SQ","PrimaryAttribute":"QID53","SecondaryAttribute":" ","TertiaryAttribute":null,"Payload":{"QuestionText":"&nbsp;","DefaultChoices":false,"DataExportTag":"Q25","QuestionType":"Slider","Selector":"HSLIDER","Configuration":{"QuestionDescriptionOption":"UseText","CSSliderMin":-100,"CSSliderMax":100,"GridLines":10,"SnapToGrid":false,"NumDecimals":"0","ShowValue":true,"CustomStart":false,"NotApplicable":false,"MobileFirst":true},"QuestionDescription":" ","Choices":{"1":{"Display":"&nbsp;"}},"ChoiceOrder":["1"],"Validation":{"Settings":{"ForceResponse":"OFF","ForceResponseType":"ON","Type":"None"}},"GradingData":[],"Language":[],"Labels":{"1":{"Display":"Less friendly; more unpleasant and creepy"},"2":{"Display":"Neutral"},"3":{"Display":"More friendly and pleasant; less creepy"}},"QuestionID":"QID53","DataVisibility":{"Private":false,"Hidden":false},"NextChoiceId":2,"NextAnswerId":4}},{"SurveyID":"SV_eyYDUA9tgF9HGxn","Element":"SQ","PrimaryAttribute":"QID21","SecondaryAttribute":"${lm:\/\/Field\/1}","TertiaryAttribute":null,"Payload":{"QuestionText":"${lm:\/\/Field\/1}","DefaultChoices":false,"DataExportTag":"Q14","QuestionType":"DB","Selector":"TB","Configuration":{"QuestionDescriptionOption":"UseText"},"QuestionDescription":"${lm:\/\/Field\/1}","ChoiceOrder":[],"Validation":{"Settings":{"Type":"None"}},"GradingData":[],"Language":[],"QuestionID":"QID21"}},{"SurveyID":"SV_eyYDUA9tgF9HGxn","Element":"SQ","PrimaryAttribute":"QID46","SecondaryAttribute":"${lm:\/\/Field\/1}","TertiaryAttribute":null,"Payload":{"QuestionText":"${lm:\/\/Field\/1}","DefaultChoices":false,"QuestionType":"DB","Selector":"TB","Configuration":{"QuestionDescriptionOption":"UseText"},"QuestionDescription":"${lm:\/\/Field\/1}","ChoiceOrder":[],"Validation":{"Settings":{"Type":"None"}},"GradingData":[],"Language":[],"QuestionText_Unsafe":"${lm:\/\/Field\/1}","DataExportTag":"Q46","QuestionID":"QID46"}},{"SurveyID":"SV_eyYDUA9tgF9HGxn","Element":"PROJ","PrimaryAttribute":"CORE","SecondaryAttribute":"1.0.0","TertiaryAttribute":null,"Payload":null},{"SurveyID":"SV_eyYDUA9tgF9HGxn","Element":"QC","PrimaryAttribute":"Survey Question Count","SecondaryAttribute":"62","TertiaryAttribute":null,"Payload":null},{"SurveyID":"SV_eyYDUA9tgF9HGxn","Element":"SQ","PrimaryAttribute":"QID34","SecondaryAttribute":"Age (years):","TertiaryAttribute":null,"Payload":{"QuestionText":"Age (years):","DefaultChoices":false,"DataExportTag":"Q15","QuestionType":"TE","Selector":"SL","Configuration":{"QuestionDescriptionOption":"UseText"},"QuestionDescription":"Age (years):","Validation":{"Settings":{"ForceResponse":"OFF","ForceResponseType":"ON","Type":"ContentType","ContentType":"ValidNumber","ValidDateType":"DateWithFormat","ValidPhoneType":"ValidUSPhone","ValidZipType":"ValidUSZip","ValidNumber":{"Min":"18","Max":"100"}}},"GradingData":[],"Language":[],"QuestionID":"QID34"}},{"SurveyID":"SV_eyYDUA9tgF9HGxn","Element":"SQ","PrimaryAttribute":"QID42","SecondaryAttribute":"\u00a0","TertiaryAttribute":null,"Payload":{"QuestionText":"<strong>&nbsp;<\/strong>","DefaultChoices":false,"DataExportTag":"Q24","QuestionType":"Slider","Selector":"HSLIDER","Configuration":{"QuestionDescriptionOption":"UseText","CSSliderMin":0,"CSSliderMax":100,"GridLines":10,"SnapToGrid":false,"NumDecimals":"0","ShowValue":true,"CustomStart":true,"NotApplicable":false,"MobileFirst":true,"SliderStartPositions":{"1":0.5}},"QuestionDescription":"\u00a0","Choices":{"1":{"Display":"&nbsp;"}},"ChoiceOrder":["1"],"Validation":{"Settings":{"ForceResponse":"ON","ForceResponseType":"ON","Type":"None"}},"GradingData":[],"Language":[],"Labels":{"1":{"Display":"Less friendly; more unpleasant and creepy"},"2":{"Display":"More friendly and pleasant; less creepy"},"3":{"Display":"Neutral"}},"QuestionID":"QID42","Randomization":{"Type":"Advanced","TotalRandSubset":""}}},{"SurveyID":"SV_eyYDUA9tgF9HGxn","Element":"SQ","PrimaryAttribute":"QID22","SecondaryAttribute":"\u00a0How mechanical does this robot face look?","TertiaryAttribute":null,"Payload":{"QuestionText":"<strong>&nbsp;<\/strong><strong>How mechanical<\/strong> does this robot face look?","DefaultChoices":false,"DataExportTag":"Q16","QuestionType":"Slider","Selector":"HSLIDER","Configuration":{"QuestionDescriptionOption":"UseText","CSSliderMin":0,"CSSliderMax":100,"GridLines":10,"SnapToGrid":false,"NumDecimals":"0","ShowValue":true,"CustomStart":true,"SliderStartPositions":{"1":0.497422680412369977442921253896201960742473602294921875},"NotApplicable":false,"MobileFirst":true},"QuestionDescription":"\u00a0How mechanical does this robot face look?","Choices":{"1":{"Display":"&nbsp;"}},"ChoiceOrder":[1],"Validation":{"Settings":{"ForceResponse":"OFF","ForceResponseType":"ON","Type":"None"}},"GradingData":[],"Language":[],"Labels":{"1":{"Display":"Not at all mechanical"},"2":{"Display":"Extremely mechanical"}},"QuestionID":"QID22"}},{"SurveyID":"SV_eyYDUA9tgF9HGxn","Element":"SQ","PrimaryAttribute":"QID56","SecondaryAttribute":"Before judging the robot faces, please briefly look through these thumbnails showing all the face...","TertiaryAttribute":null,"Payload":{"QuestionText":"Before judging the robot faces, please <strong>briefly look through these thumbnails<\/strong> showing all the faces you will judge. This is to give you a sense of the range of robots you will see.<p><br><\/p>\n\n<p><img src=\"https:\/\/stanforduniversity.qualtrics.com\/CP\/Graphic.php?IM=IM_6lHVQziaZDUiNlH\" style=\"width: 700px; height: 861px;\"><br>\n<br>\n&nbsp;<\/p>\n\n<p>&nbsp;<\/p>","DefaultChoices":false,"DataExportTag":"Q29","QuestionType":"DB","Selector":"TB","Configuration":{"QuestionDescriptionOption":"UseText"},"QuestionDescription":"Before judging the robot faces, please briefly look through these thumbnails showing all the face...","ChoiceOrder":[],"Validation":{"Settings":{"Type":"None"}},"GradingData":[],"Language":[],"QuestionID":"QID56"}},{"SurveyID":"SV_eyYDUA9tgF9HGxn","Element":"SQ","PrimaryAttribute":"QID58","SecondaryAttribute":"Before judging the robot faces, please briefly look through these thumbnails showing some example...","TertiaryAttribute":null,"Payload":{"QuestionText":"Before judging the robot faces, please <strong>briefly look through these thumbnails<\/strong> showing some examples of the kinds of faces you will see. This is to give you a sense of the range of the 15 robots you will see.<p><br><\/p>\n\n<p><img src=\"https:\/\/stanforduniversity.qualtrics.com\/CP\/Graphic.php?IM=IM_6lHVQziaZDUiNlH\" style=\"width: 700px; height: 861px;\"><br>\n<br>\n&nbsp;<\/p>\n\n<p>&nbsp;<\/p>","DefaultChoices":false,"QuestionType":"DB","Selector":"TB","Configuration":{"QuestionDescriptionOption":"UseText"},"QuestionDescription":"Before judging the robot faces, please briefly look through these thumbnails showing some example...","ChoiceOrder":[],"Validation":{"Settings":{"Type":"None"}},"GradingData":[],"Language":[],"QuestionText_Unsafe":"Before judging the robot faces, please <strong>briefly look through these thumbnails<\/strong> showing all the faces you will judge. This is to give you a sense of the range of robots you will see.<p><br><\/p>\n\n<p><img src=\"https:\/\/stanforduniversity.qualtrics.com\/CP\/Graphic.php?IM=IM_6lHVQziaZDUiNlH\" style=\"width: 700px; height: 861px;\"><br>\n<br>\n&nbsp;<\/p>\n\n<p>&nbsp;<\/p>","DataExportTag":"Q58","QuestionID":"QID58"}},{"SurveyID":"SV_eyYDUA9tgF9HGxn","Element":"SQ","PrimaryAttribute":"QID38","SecondaryAttribute":"Beginning on the next page, you will view and judge the robot\n faces one at a time. Please take a...","TertiaryAttribute":null,"Payload":{"QuestionText":"<p>Beginning on the next page, you will view and judge the robot faces one at a time. Please take at least a few seconds to <strong>carefully view<\/strong> each face before responding.<\/p><p>&nbsp;<\/p>\n\n<p>&nbsp;<\/p>","DefaultChoices":false,"DataExportTag":"Q19","QuestionType":"DB","Selector":"TB","Configuration":{"QuestionDescriptionOption":"UseText"},"QuestionDescription":"Beginning on the next page, you will view and judge the robot\n faces one at a time. Please take a...","ChoiceOrder":[],"Validation":{"Settings":{"Type":"None"}},"GradingData":[],"Language":[],"QuestionID":"QID38"}},{"SurveyID":"SV_eyYDUA9tgF9HGxn","Element":"SQ","PrimaryAttribute":"QID43","SecondaryAttribute":"Click to write the question text","TertiaryAttribute":null,"Payload":{"QuestionText":"Click to write the question text","DataExportTag":"Q15","QuestionType":"MC","Selector":"SAVR","SubSelector":"TX","Configuration":{"QuestionDescriptionOption":"UseText"},"QuestionDescription":"Click to write the question text","Choices":{"1":{"Display":"Click to write Choice 1"},"2":{"Display":"Click to write Choice 2"},"3":{"Display":"Click to write Choice 3"}},"ChoiceOrder":["1","2","3"],"Validation":{"Settings":{"ForceResponse":"OFF","ForceResponseType":"ON","Type":"None"}},"Language":[],"QuestionID":"QID43"}},{"SurveyID":"SV_eyYDUA9tgF9HGxn","Element":"SQ","PrimaryAttribute":"QID54","SecondaryAttribute":"Click to write the question text","TertiaryAttribute":null,"Payload":{"QuestionText":"Click to write the question text","DefaultChoices":false,"DataExportTag":"Q26","QuestionType":"DB","Selector":"TB","Configuration":{"QuestionDescriptionOption":"UseText"},"QuestionDescription":"Click to write the question text","ChoiceOrder":[],"Validation":{"Settings":{"Type":"None"}},"GradingData":[],"Language":[],"QuestionID":"QID54"}},{"SurveyID":"SV_eyYDUA9tgF9HGxn","Element":"SQ","PrimaryAttribute":"QID55","SecondaryAttribute":"Click to write the question text","TertiaryAttribute":null,"Payload":{"QuestionText":"Click to write the question text","DataExportTag":"Q27","QuestionType":"MC","Selector":"SAVR","SubSelector":"TX","Configuration":{"QuestionDescriptionOption":"UseText"},"QuestionDescription":"Click to write the question text","Choices":{"1":{"Display":"Click to write Choice 1"},"2":{"Display":"Click to write Choice 2"},"3":{"Display":"Click to write Choice 3"}},"ChoiceOrder":["1","2","3"],"Validation":{"Settings":{"ForceResponse":"OFF","ForceResponseType":"ON","Type":"None"}},"Language":[],"QuestionID":"QID55"}},{"SurveyID":"SV_eyYDUA9tgF9HGxn","Element":"RS","PrimaryAttribute":"RS_3ORFLUQXh2KR5at","SecondaryAttribute":"Default Response Set","TertiaryAttribute":null,"Payload":null},{"SurveyID":"SV_eyYDUA9tgF9HGxn","Element":"QG","PrimaryAttribute":"QG_RzMEkanRVtvVHb9","SecondaryAttribute":"Demographics","TertiaryAttribute":null,"Payload":{"ID":"QG_RzMEkanRVtvVHb9","Name":"Demographics","Selected":true,"MultipleMatch":"PlaceInAll","Public":false,"Quotas":[]}},{"SurveyID":"SV_eyYDUA9tgF9HGxn","Element":"SQ","PrimaryAttribute":"QID45","SecondaryAttribute":"Did we show you too many faces for you to reliably maintain attention on the task? (Your answer\nw...","TertiaryAttribute":null,"Payload":{"QuestionText":"<strong>Did we show you too many faces<\/strong> for you to reliably maintain attention on the task? (Your answer will not affect your HIT acceptance.)","DataExportTag":"Q17","QuestionType":"MC","Selector":"SAVR","SubSelector":"TX","Configuration":{"QuestionDescriptionOption":"UseText"},"QuestionDescription":"Did we show you too many faces for you to reliably maintain attention on the task? (Your answer\nw...","Choices":{"1":{"Display":"Yes"},"2":{"Display":"No"}},"ChoiceOrder":["1","2"],"Validation":{"Settings":{"ForceResponse":"ON","ForceResponseType":"ON","Type":"None"}},"Language":[],"QuestionID":"QID45"}},{"SurveyID":"SV_eyYDUA9tgF9HGxn","Element":"SQ","PrimaryAttribute":"QID33","SecondaryAttribute":"Did you experience any confusion or technical problems with this questionnaire? (Your answer will...","TertiaryAttribute":null,"Payload":{"QuestionText":"Did you experience any <strong>confusion or technical problems<\/strong> with this questionnaire? (Your answer will not affect your HIT acceptance.)","DefaultChoices":false,"DataExportTag":"Q18","QuestionType":"TE","Selector":"ML","Configuration":{"QuestionDescriptionOption":"UseText","InputWidth":620,"InputHeight":70},"QuestionDescription":"Did you experience any confusion or technical problems with this questionnaire? (Your answer will...","Validation":{"Settings":{"ForceResponse":"OFF","ForceResponseType":"ON","Type":"None"}},"GradingData":[],"Language":[],"QuestionID":"QID33"}},{"SurveyID":"SV_eyYDUA9tgF9HGxn","Element":"SQ","PrimaryAttribute":"QID39","SecondaryAttribute":"Do you think you have seen this exact robot before you came to this survey (not including in the...","TertiaryAttribute":null,"Payload":{"QuestionText":"Do you think you have seen this exact robot<strong> before<\/strong> you came to this survey (not including in the thumbnails)?","DataExportTag":"Q20","QuestionType":"MC","Selector":"SAVR","SubSelector":"TX","Configuration":{"QuestionDescriptionOption":"UseText"},"QuestionDescription":"Do you think you have seen this exact robot before you came to this survey (not including in the...","Choices":{"1":{"Display":"Yes"},"2":{"Display":"No"}},"ChoiceOrder":["1","2"],"Validation":{"Settings":{"ForceResponse":"ON","ForceResponseType":"ON","Type":"None"}},"Language":[],"QuestionID":"QID39"}},{"SurveyID":"SV_eyYDUA9tgF9HGxn","Element":"SQ","PrimaryAttribute":"QID49","SecondaryAttribute":"Do you think you have seen this exact robot before you came to this survey (not including in the...","TertiaryAttribute":null,"Payload":{"QuestionText":"Do you think you have seen this exact robot<strong> before<\/strong> you came to this survey (not including in the thumbnails)?","QuestionType":"MC","Selector":"SAVR","SubSelector":"TX","Configuration":{"QuestionDescriptionOption":"UseText"},"QuestionDescription":"Do you think you have seen this exact robot before you came to this survey (not including in the...","Choices":{"1":{"Display":"Yes"},"2":{"Display":"No"}},"ChoiceOrder":["1","2"],"Validation":{"Settings":{"ForceResponse":"ON","ForceResponseType":"ON","Type":"None"}},"Language":[],"QuestionText_Unsafe":"Do you think you have seen this exact robot <strong>before<\/strong> doing this survey (not including in the thumbnails)?","DataExportTag":"Q49","QuestionID":"QID49"}},{"SurveyID":"SV_eyYDUA9tgF9HGxn","Element":"SQ","PrimaryAttribute":"QID36","SecondaryAttribute":"Ethnicity (check all that apply):","TertiaryAttribute":null,"Payload":{"QuestionText":"Ethnicity (check all that apply):","DefaultChoices":false,"DataExportTag":"Q17","QuestionType":"MC","Selector":"MAVR","SubSelector":"TX","Configuration":{"QuestionDescriptionOption":"UseText"},"QuestionDescription":"Ethnicity (check all that apply):","Choices":{"1":{"Display":"Caucasian"},"2":{"Display":"Black\/African American"},"3":{"Display":"Middle Eastern"},"4":{"Display":"Pacific Islander"},"5":{"Display":"South Asian"},"6":{"Display":"East Asian"},"7":{"Display":"Southeast Asian"},"8":{"Display":"Native American"},"9":{"Display":"Hispanic"}},"ChoiceOrder":["1","9","2","3","4","8","5","6","7"],"Validation":{"Settings":{"ForceResponse":"ON","ForceResponseType":"ON","Type":"None"}},"GradingData":[],"Language":[],"QuestionID":"QID36"}},{"SurveyID":"SV_eyYDUA9tgF9HGxn","Element":"SQ","PrimaryAttribute":"QID35","SecondaryAttribute":"Highest educational level:","TertiaryAttribute":null,"Payload":{"QuestionText":"Highest educational level:","DataExportTag":"Q17","QuestionType":"MC","Selector":"SAVR","SubSelector":"TX","Configuration":{"QuestionDescriptionOption":"UseText"},"QuestionDescription":"Highest educational level:","Choices":{"1":{"Display":"Did not graduate high school"},"2":{"Display":"Graduated high school"},"3":{"Display":"Graduated 2-year college"},"4":{"Display":"Graduated 4-year college"},"5":{"Display":"Post-graduate degree (e.g., MS, MD, MBA, PhD, etc.)"}},"ChoiceOrder":["1","2","3","4","5"],"Validation":{"Settings":{"ForceResponse":"ON","ForceResponseType":"ON","Type":"None"}},"Language":[],"QuestionID":"QID35"}},{"SurveyID":"SV_eyYDUA9tgF9HGxn","Element":"SQ","PrimaryAttribute":"QID24","SecondaryAttribute":"How much positive or negative emotion is this robot face showing?","TertiaryAttribute":null,"Payload":{"QuestionText":"How much <strong>positive or negative emotion<\/strong> is this robot face showing?","DefaultChoices":false,"DataExportTag":"Q20","QuestionType":"Slider","Selector":"HSLIDER","Configuration":{"QuestionDescriptionOption":"UseText","CSSliderMin":-100,"CSSliderMax":100,"GridLines":10,"SnapToGrid":false,"NumDecimals":"0","ShowValue":true,"CustomStart":true,"SliderStartPositions":{"1":0.5},"NotApplicable":false,"MobileFirst":true},"QuestionDescription":"How much positive or negative emotion is this robot face showing?","Choices":{"1":{"Display":"&nbsp;"}},"ChoiceOrder":[1],"Validation":{"Settings":{"ForceResponse":"OFF","ForceResponseType":"ON","Type":"None"}},"GradingData":[],"Language":[],"Labels":{"1":{"Display":"Strongest unpleasant emotion"},"2":{"Display":"Neutral (no emotion)"},"3":{"Display":"Strongest pleasant emotion"}},"QuestionID":"QID24"}},{"SurveyID":"SV_eyYDUA9tgF9HGxn","Element":"SQ","PrimaryAttribute":"QID48","SecondaryAttribute":"How much positive or negative emotion is this robot face showing?","TertiaryAttribute":null,"Payload":{"QuestionText":"How much <strong>positive or negative emotion<\/strong> is this robot face showing?","DefaultChoices":false,"QuestionType":"Slider","Selector":"HSLIDER","Configuration":{"QuestionDescriptionOption":"UseText","CSSliderMin":-100,"CSSliderMax":100,"GridLines":10,"SnapToGrid":false,"NumDecimals":"0","ShowValue":true,"CustomStart":true,"SliderStartPositions":{"1":0.5},"NotApplicable":false,"MobileFirst":true},"QuestionDescription":"How much positive or negative emotion is this robot face showing?","Choices":{"1":{"Display":"&nbsp;"}},"ChoiceOrder":[1],"Validation":{"Settings":{"ForceResponse":"OFF","ForceResponseType":"ON","Type":"None"}},"GradingData":[],"Language":[],"Labels":{"1":{"Display":"Strongest unpleasant emotion"},"2":{"Display":"Neutral (no emotion)"},"3":{"Display":"Strongest pleasant emotion"}},"QuestionText_Unsafe":"How much <strong>positive or negative emotion<\/strong> is this robot face showing?","DataExportTag":"Q48","QuestionID":"QID48"}},{"SurveyID":"SV_eyYDUA9tgF9HGxn","Element":"SQ","PrimaryAttribute":"QID62","SecondaryAttribute":"In this\n task, you will view and judge 15 robot faces, one at a time.\n Please take at least a few...","TertiaryAttribute":null,"Payload":{"QuestionText":"<p><span style=\"font-family:arial,helvetica,sans-serif;\">In this task, you will view and judge 15 robot faces, one at a time. Please take at least a few seconds to <strong>carefully view<\/strong> each face before responding.<\/span><\/p>\n\n<p>&nbsp;<\/p>\n\n<p><span style=\"font-family:arial,helvetica,sans-serif;\">For each face, <strong>estimate how friendly and enjoyable (versus creepy) <\/strong>it might be to interact with each face in some everyday situation, such as asking a question at a museum's information booth.<\/span><\/p>\n\n<p>&nbsp;<\/p>\n\n<p><span style=\"font-family:arial,helvetica,sans-serif;\">Please note that the task is identical for every robot. There are no trick questions.<\/span><\/p>\n&nbsp;\n\n<p><span style=\"font-family:&quot;Times New Roman&quot;\">&nbsp;<\/span><\/p>","DefaultChoices":false,"QuestionType":"DB","Selector":"TB","Configuration":{"QuestionDescriptionOption":"UseText"},"QuestionDescription":"In this\n task, you will view and judge 15 robot faces, one at a time.\n Please take at least a few...","ChoiceOrder":[],"Validation":{"Settings":{"Type":"None"}},"GradingData":[],"Language":[],"QuestionText_Unsafe":"<p><span style=\"font-family:arial,helvetica,sans-serif;\">In this task, you will view and judge 15 robot faces, one at a time. Please take at least a few seconds to <strong>carefully view<\/strong> each face before responding.<\/span><\/p>\n\n<p>&nbsp;<\/p>\n\n<p><span style=\"font-family:arial,helvetica,sans-serif;\">For each face, <strong>estimate how friendly and enjoyable (versus creepy) <\/strong>it might be to interact with each face in some everyday situation, such as asking a question at a museum's information booth.<\/span><\/p>\n\n<p>&nbsp;<\/p>\n\n<p><span style=\"font-family:arial,helvetica,sans-serif;\">Please note that the task is identical for every robot. There are no trick questions.<\/span><\/p>\n&nbsp;\n\n<p><span style=\"font-family:&quot;Times New Roman&quot;\">&nbsp;<\/span><\/p>","DataExportTag":"Q62","QuestionID":"QID62"}},{"SurveyID":"SV_eyYDUA9tgF9HGxn","Element":"SQ","PrimaryAttribute":"QID57","SecondaryAttribute":"In this\n task, you will view and judge 20 robot faces, one at a time.\n Please take at least a few...","TertiaryAttribute":null,"Payload":{"QuestionText":"<p><span style=\"font-family:arial,helvetica,sans-serif;\">In this task, you will view and judge 20 robot faces, one at a time. Please take at least a few seconds to <strong>carefully view<\/strong> each face before responding.<\/span><\/p>\n\n<p>&nbsp;<\/p>\n\n<p><span style=\"font-family:arial,helvetica,sans-serif;\">For each face, <strong>estimate how friendly and enjoyable (versus creepy) <\/strong>it might be to interact with each face in some everyday situation, such as asking a question at a museum's information booth.<\/span><\/p>\n\n<p>&nbsp;<\/p>\n\n<p><span style=\"font-family:arial,helvetica,sans-serif;\">Please note that the task is identical for every robot. There are no trick questions.<\/span><\/p>\n&nbsp;\n\n<p><span style=\"font-family:&quot;Times New Roman&quot;\">&nbsp;<\/span><\/p>","DefaultChoices":false,"QuestionType":"DB","Selector":"TB","Configuration":{"QuestionDescriptionOption":"UseText"},"QuestionDescription":"In this\n task, you will view and judge 20 robot faces, one at a time.\n Please take at least a few...","ChoiceOrder":[],"Validation":{"Settings":{"Type":"None"}},"GradingData":[],"Language":[],"QuestionText_Unsafe":"<p><span style=\"font-family:arial,helvetica,sans-serif;\">In this task, you will view and judge 20 robot faces, one at a time. Please take at least a few seconds to <strong>carefully view<\/strong> each face before responding.<\/span><\/p>\n\n<p>&nbsp;<\/p>\n\n<p><span style=\"font-family:arial,helvetica,sans-serif;\">For each face, <strong>estimate how friendly and enjoyable (versus creepy) <\/strong>it might be to interact with each face in some everyday situation, such as asking a question at a museum's information booth.<\/span><\/p>\n\n<p>&nbsp;<\/p>\n\n<p><span style=\"font-family:arial,helvetica,sans-serif;\">Please note that the task is identical for every robot. There are no trick questions.<\/span><\/p>\n&nbsp;\n\n<p><span style=\"font-family:&quot;Times New Roman&quot;\">&nbsp;<\/span><\/p>","DataExportTag":"Q57","QuestionID":"QID57"}},{"SurveyID":"SV_eyYDUA9tgF9HGxn","Element":"SQ","PrimaryAttribute":"QID51","SecondaryAttribute":"In this task, you will view and judge 15 robot faces, one at a time. Please take at least a few s...","TertiaryAttribute":null,"Payload":{"QuestionText":"<p><span style=\"font-family:arial,helvetica,sans-serif;\">In this task, you will view and judge 15 robot faces, one at a time. Please take at least a few seconds to <strong>carefully view<\/strong> each face before responding.<\/span><\/p>\n\n<p>&nbsp;<\/p>\n\n<p><span style=\"font-family:arial,helvetica,sans-serif;\">For each face, <strong>estimate how friendly and enjoyable (versus creepy) <\/strong>it might be to interact with each face in some everyday situation, such as asking a question at a museum's information booth.<\/span><\/p>\n\n<p>&nbsp;<\/p>\n\n<p><span style=\"font-family:arial,helvetica,sans-serif;\">Please note that the task is identical for every robot. There are no trick questions.<\/span><\/p>\n&nbsp;\n\n<p><span style=\"font-family:&quot;Times New Roman&quot;\">&nbsp;<\/span><\/p>","DefaultChoices":false,"DataExportTag":"Q23","QuestionType":"DB","Selector":"TB","Configuration":{"QuestionDescriptionOption":"UseText"},"QuestionDescription":"In this task, you will view and judge 15 robot faces, one at a time. Please take at least a few s...","ChoiceOrder":[],"Validation":{"Settings":{"Type":"None"}},"GradingData":[],"Language":[],"QuestionID":"QID51","DataVisibility":{"Private":false,"Hidden":false},"NextChoiceId":1,"NextAnswerId":1}},{"SurveyID":"SV_eyYDUA9tgF9HGxn","Element":"SQ","PrimaryAttribute":"QID26","SecondaryAttribute":"Informed Consent for Participation in This Research \u00a0 DESCRIPTION: \u00a0You are invited to participat.","TertiaryAttribute":null,"Payload":{"QuestionText":"<p><strong><span style=\"font-size:11.0pt\">Informed Consent for Participation in This Research<\/span><\/strong><\/p>\n\n<p>&nbsp;<\/p>\n\n<p><strong><span style=\"font-size:11.0pt\">DESCRIPTION:<\/span><\/strong><span style=\"font-size:11.0pt\"> <span style=\"mso-spacerun:yes\">&nbsp;<\/span>You are invited to participate in <span style=\"mso-bidi-font-weight:bold\">a research study<\/span> on <span style=\"mso-bidi-font-weight:bold\">socially interactive robots. <\/span>You will be asked to judge various robot faces.<\/span><\/p>\n\n<p><em><span style=\"font-size:11.0pt;color:red\">&nbsp;<\/span><\/em><\/p>\n\n<p><strong><span style=\"font-size:11.0pt\">TIME INVOLVEMENT:<\/span><\/strong><span style=\"font-size:11.0pt\"> <span style=\"mso-spacerun:yes\">&nbsp;<\/span>Your participation will take approximately 10 minutes.<\/span><\/p>\n\n<p><span style=\"font-size:11.0pt\">&nbsp;<\/span><\/p>\n\n<p><strong><span style=\"font-size:11.0pt\">RISKS AND BENEFITS:<\/span><\/strong><span style=\"font-size:11.0pt\"> <span style=\"mso-spacerun:yes\">&nbsp;<\/span>There are no appreciable risks or benefits involved with your participation in this study.<\/span><\/p>\n\n<p><em><span style=\"font-size:11.0pt;color:red\">&nbsp;<\/span><\/em><\/p>\n\n<p><strong><span style=\"font-size:11.0pt\">PAYMENTS:<\/span><\/strong><span style=\"font-size:11.0pt\"> <span style=\"mso-spacerun:yes\">&nbsp;<\/span>You will receive $0.50 as payment for your participation. <\/span><\/p>\n\n<p><span style=\"font-size:11.0pt\">&nbsp;<\/span><\/p>\n\n<p><strong><span style=\"font-size:11.0pt\">SUBJECT'S RIGHTS: <span style=\"mso-spacerun:yes\">&nbsp;<\/span><\/span><\/strong><span style=\"font-size:11.0pt\">If you have read this form and have decided to participate in this project, please understand your participation is voluntary and you have the right to withdraw your consent or discontinue participation at any time without penalty or loss of benefits to which you are otherwise entitled. <span style=\"mso-spacerun:yes\">&nbsp;<\/span>The alternative is to not participate.<span style=\"mso-spacerun:yes\">&nbsp; <\/span>You have the right to refuse to answer particular questions. <span style=\"mso-spacerun:yes\">&nbsp;<\/span>Your individual privacy will be maintained in all published and written data resulting from the study. <\/span><\/p>\n\n<p><span style=\"font-size:11.0pt\">&nbsp;<\/span><\/p>\n\n<p><strong><span style=\"font-size:11.0pt\">CONTACT INFORMATION: <\/span><\/strong><\/p>\n\n<p><em><span style=\"font-size:11.0pt\">Questions:<\/span><\/em><strong><span style=\"font-size:11.0pt\"><span style=\"mso-spacerun:yes\">&nbsp; <\/span><\/span><\/strong><span style=\"font-size:11.0pt\">If you have any questions, concerns or complaints about this research, its procedures, risks and benefits, contact the Protocol Director at mechturk.task@gmail.com.<\/span><\/p>\n\n<p><span style=\"font-size:11.0pt\"><br><\/span><\/p><p><span style=\"font-size:11.0pt\">If you choose, please print a copy of this page for your records.<\/span><\/p>\n\n<p><span style=\"font-size:11.0pt\">If you agree to participate in this research, please proceed to the survey via the following link.<\/span><\/p>","DefaultChoices":false,"DataExportTag":"Q17","QuestionID":"QID26","QuestionType":"MC","Selector":"SAVR","SubSelector":"TX","Configuration":{"QuestionDescriptionOption":"UseText"},"QuestionDescription":"Informed Consent for Participation in This Research \u00a0 DESCRIPTION: \u00a0You are invited to participat...","Choices":[],"DynamicChoices":{"DynamicType":"ChoiceGroup","Locator":"q:\/\/undefined\/ChoiceGroup\/undefined","Type":"Dynamic"},"ChoiceOrder":[],"Validation":{"Settings":{"ForceResponse":"OFF","ForceResponseType":"ON","Type":"None"}},"GradingData":[],"Language":[]}},{"SurveyID":"SV_eyYDUA9tgF9HGxn","Element":"SQ","PrimaryAttribute":"QID27","SecondaryAttribute":"may","TertiaryAttribute":null,"Payload":{"QuestionText":"may","DefaultChoices":false,"DataExportTag":"Q19","QuestionType":"DB","Selector":"TB","Configuration":{"QuestionDescriptionOption":"UseText"},"QuestionDescription":"may","ChoiceOrder":[],"Validation":{"Settings":{"Type":"None"}},"GradingData":[],"Language":[],"QuestionID":"QID27"}},{"SurveyID":"SV_eyYDUA9tgF9HGxn","Element":"SQ","PrimaryAttribute":"QID44","SecondaryAttribute":"Sex:","TertiaryAttribute":null,"Payload":{"QuestionText":"Sex:","DataExportTag":"Q16","QuestionType":"MC","Selector":"SAVR","SubSelector":"TX","Configuration":{"QuestionDescriptionOption":"UseText"},"QuestionDescription":"Sex:","Choices":{"1":{"Display":"Female"},"2":{"Display":"Male"}},"ChoiceOrder":["1","2"],"Validation":{"Settings":{"ForceResponse":"ON","ForceResponseType":"ON","Type":"None"}},"Language":[],"QuestionID":"QID44"}},{"SurveyID":"SV_eyYDUA9tgF9HGxn","Element":"SQ","PrimaryAttribute":"QID52","SecondaryAttribute":"This is a\n collaborative project with builders of android robots that have\n been programmed to in...","TertiaryAttribute":null,"Payload":{"QuestionText":"<p><span style=\"font-family:arial,helvetica,sans-serif;\">This is a collaborative project with builders of android robots that have been programmed to interact socially with humans and that are capable of playing a wagering game with you. <strong>If you are among the 50% best players of the game, you will receive a bonus of $1.00.<\/strong><\/span><\/p>\n\n<p><span style=\"font-family:arial,helvetica,sans-serif;\">&nbsp;<\/span><\/p>\n\n<p><span style=\"font-family:arial,helvetica,sans-serif;\">This game involves imaginary money as a means of wagering. You will make one wager with each robot as follows:<\/span><\/p><p style=\"margin-left: 40px;\">&nbsp;<\/p>\n\n<p style=\"margin-left: 40px;\"><span style=\"font-family:arial,helvetica,sans-serif;\"><strong>1) <\/strong>For each robot, you will have $100 to use. You must decide how much of that $100 you will transfer to the robot<\/span>.<\/p>\n\n<p style=\"margin-left: 40px;\">&nbsp;<\/p>\n\n<p style=\"margin-left: 40px;\"><span style=\"font-family:arial,helvetica,sans-serif;\"><strong>2)<\/strong> The amount you transfer to each robot will be <u><strong>tripled<\/strong><\/u><\/span>.<\/p>\n\n<p style=\"margin-left: 40px;\">&nbsp;<\/p>\n\n<p style=\"margin-left: 40px;\"><span style=\"font-family:arial,helvetica,sans-serif;\"><strong>3) <\/strong>The robot\u2019s social interaction program will then decide how it will divide the <strong>tripled amount<\/strong> between itself and you.<\/span><span style=\"font-family:arial,helvetica,sans-serif;\"><br><\/span><\/p><p style=\"margin-left: 40px;\"><span style=\"font-family:arial,helvetica,sans-serif;\">(For instance, if you wager $10, the robot will decide what fraction of $30 to send back to you, and how much it will keep itself.) Any money that you do not transfer to the robot you are guaranteed to keep. <\/span><\/p>\n\n<p style=\"margin-left: 40px;\">&nbsp;<\/p>\n\n<p style=\"margin-left: 40px;\"><strong>4)<\/strong> <span style=\"font-family:arial,helvetica,sans-serif;\">After all surveys are completed, all survey-takers\u2019 wagers will be transmitted to the robot laboratories, and the imaginary money will be distributed according to the robots\u2019 decisions, and bonuses will be paid.<\/span><\/p>\n\n<p style=\"margin-left: 40px;\">&nbsp;<\/p>\n\n<p><span style=\"font-family:arial,helvetica,sans-serif;\">&nbsp;<\/span><\/p>\n\n<p><span style=\"font-family:arial,helvetica,sans-serif;\">Of course, your goal is to end the game with as much money as possible. Because the robots have their own individual programming that attempts to mimic human behavior, it is possible that some will split up the tripled money evenly with you, some may keep some or all of the money, and some may give you some or all of the money. You cannot expect to achieve the best possible results if you make the same wager with every robot or if you wager in a completely arbitrary manner.<\/span><\/p>\n\n<p><span style=\"font-family:arial,helvetica,sans-serif;\">&nbsp;<\/span><\/p>\n\n\n\n<p><span style=\"font-family:arial,helvetica,sans-serif;\">To help verify to other participants in this study that the bonuses were actually paid out, <strong>we\u2019d appreciate if you could<\/strong> <strong>report if you receive a bonus on TurkOpticon.com<\/strong> (a rating site for MTurk requesters).<\/span><\/p>\n\n<p><span style=\"font-family:arial,helvetica,sans-serif;\">&nbsp;<\/span><\/p>\n\n<p><span style=\"font-family:arial,helvetica,sans-serif;\">Please note that the task is identical for every robot. There are no trick questions. This is a straightforward wagering game.<\/span><\/p>\n&nbsp;\n\n<p><span style=\"font-family:arial,helvetica,sans-serif;\"><span style=\"font-family:arial,helvetica,sans-serif;\">In this task, you will view and judge 15 robot faces, one at a time. <\/span>Please take at least a few seconds to <strong>carefully view<\/strong> each face before responding. <\/span><\/p>\n\n<p>&nbsp;<\/p>","DefaultChoices":false,"QuestionType":"DB","Selector":"TB","Configuration":{"QuestionDescriptionOption":"UseText"},"QuestionDescription":"This is a\n collaborative project with builders of android robots that have\n been programmed to in...","ChoiceOrder":[],"Validation":{"Settings":{"Type":"None"}},"GradingData":[],"Language":[],"QuestionText_Unsafe":"<p>Beginning on the next page, you will view and judge the robot faces one at a time. Please take at least a few seconds to <strong>carefully view<\/strong> each face before responding.<\/p><p><br><\/p><p>For each face, estimate how friendly and enjoyable (or creepy) it might be to interact with each face in some everyday situation, such as asking a question at a museum's information booth.<br><\/p><p><br><\/p><p>&nbsp;<\/p>","DataExportTag":"Q52","QuestionID":"QID52"}},{"SurveyID":"SV_eyYDUA9tgF9HGxn","Element":"SQ","PrimaryAttribute":"QID11","SecondaryAttribute":"Timing","TertiaryAttribute":null,"Payload":{"QuestionText":"Timing","DefaultChoices":false,"DataExportTag":"Q4","QuestionType":"Timing","Selector":"PageTimer","Configuration":{"QuestionDescriptionOption":"UseText","MinSeconds":"0","ShowTimer":false},"QuestionDescription":"Timing","Choices":{"1":{"Display":"First Click"},"2":{"Display":"Last Click"},"3":{"Display":"Page Submit"},"4":{"Display":"Click Count"}},"GradingData":[],"Language":[],"QuestionID":"QID11","QuestionText_Unsafe":"Timing"}},{"SurveyID":"SV_eyYDUA9tgF9HGxn","Element":"SQ","PrimaryAttribute":"QID50","SecondaryAttribute":"Timing","TertiaryAttribute":null,"Payload":{"QuestionText":"Timing","DefaultChoices":false,"QuestionType":"Timing","Selector":"PageTimer","Configuration":{"QuestionDescriptionOption":"UseText","MinSeconds":"0","ShowTimer":false},"QuestionDescription":"Timing","Choices":{"1":{"Display":"First Click"},"2":{"Display":"Last Click"},"3":{"Display":"Page Submit"},"4":{"Display":"Click Count"}},"GradingData":[],"Language":[],"QuestionText_Unsafe":"Timing","DataExportTag":"Q50","QuestionID":"QID50"}},{"SurveyID":"SV_eyYDUA9tgF9HGxn","Element":"SQ","PrimaryAttribute":"QID59","SecondaryAttribute":"Timing","TertiaryAttribute":null,"Payload":{"QuestionText":"Timing","DefaultChoices":false,"DataExportTag":"Q31","QuestionType":"Timing","Selector":"PageTimer","Configuration":{"QuestionDescriptionOption":"UseText","MinSeconds":"0","MaxSeconds":"0"},"QuestionDescription":"Timing","Choices":{"1":{"Display":"First Click"},"2":{"Display":"Last Click"},"3":{"Display":"Page Submit"},"4":{"Display":"Click Count"}},"GradingData":[],"Language":[],"QuestionID":"QID59"}},{"SurveyID":"SV_eyYDUA9tgF9HGxn","Element":"SQ","PrimaryAttribute":"QID60","SecondaryAttribute":"Timing","TertiaryAttribute":null,"Payload":{"QuestionText":"Timing","DefaultChoices":false,"DataExportTag":"Q32","QuestionType":"Timing","Selector":"PageTimer","Configuration":{"QuestionDescriptionOption":"UseText","MinSeconds":"0","MaxSeconds":"0"},"QuestionDescription":"Timing","Choices":{"1":{"Display":"First Click"},"2":{"Display":"Last Click"},"3":{"Display":"Page Submit"},"4":{"Display":"Click Count"}},"GradingData":[],"Language":[],"QuestionID":"QID60"}},{"SurveyID":"SV_eyYDUA9tgF9HGxn","Element":"SQ","PrimaryAttribute":"QID61","SecondaryAttribute":"Timing","TertiaryAttribute":null,"Payload":{"QuestionText":"Timing","DefaultChoices":false,"DataExportTag":"Q33","QuestionType":"Timing","Selector":"PageTimer","Configuration":{"QuestionDescriptionOption":"UseText","MinSeconds":"0","MaxSeconds":"0"},"QuestionDescription":"Timing","Choices":{"1":{"Display":"First Click"},"2":{"Display":"Last Click"},"3":{"Display":"Page Submit"},"4":{"Display":"Click Count"}},"GradingData":[],"Language":[],"QuestionID":"QID61"}},{"SurveyID":"SV_eyYDUA9tgF9HGxn","Element":"SQ","PrimaryAttribute":"QID47","SecondaryAttribute":"Wager amount ($):","TertiaryAttribute":null,"Payload":{"QuestionText":"Wager amount ($):","DefaultChoices":false,"QuestionType":"Slider","Selector":"HSLIDER","Configuration":{"QuestionDescriptionOption":"UseText","CSSliderMin":0,"CSSliderMax":100,"GridLines":10,"SnapToGrid":false,"NumDecimals":"0","ShowValue":true,"CustomStart":true,"NotApplicable":false,"MobileFirst":true,"SliderStartPositions":{"1":0}},"QuestionDescription":"Wager amount ($):","Choices":{"1":{"Display":"&nbsp;"}},"ChoiceOrder":["1"],"Validation":{"Settings":{"ForceResponse":"ON","ForceResponseType":"ON","Type":"None"}},"GradingData":[],"Language":[],"Labels":[],"Randomization":{"Type":"Advanced","TotalRandSubset":""},"QuestionText_Unsafe":"<strong>&nbsp;<\/strong><strong>How ${e:\/\/Field\/rating.variable} <\/strong>does this robot face look?","DataExportTag":"Q47","QuestionID":"QID47"}},{"SurveyID":"SV_eyYDUA9tgF9HGxn","Element":"SQ","PrimaryAttribute":"QID14","SecondaryAttribute":"What is your sex?","TertiaryAttribute":null,"Payload":{"QuestionText":"What is your sex?","DefaultChoices":false,"DataExportTag":"Q1","QuestionType":"MC","Selector":"SAVR","SubSelector":"TX","Configuration":{"QuestionDescriptionOption":"UseText"},"QuestionDescription":"What is your sex?","Choices":{"1":{"Display":"Male"},"2":{"Display":"Female"}},"ChoiceOrder":[1,2],"Validation":{"Settings":{"ForceResponse":"ON","ForceResponseType":"ON","Type":"None"}},"GradingData":[],"Language":[],"QuestionID":"QID14","QuestionText_Unsafe":"What is your gender?"}}]}